
Microsoft Visual Studio Solution File, Format Version 12.00
# Visual Studio Version 17
VisualStudioVersion = 17.0.31612.314
MinimumVisualStudioVersion = 10.0.40219.1
Project("{2150E333-8FDC-42A3-9474-1A3956D46DE8}") = "DataTools", "DataTools", "{9AA1BBF3-A03E-4752-99F9-55E23DB86702}"
EndProject
Project("{2150E333-8FDC-42A3-9474-1A3956D46DE8}") = "TrippLite", "TrippLite", "{C44B1359-DCF1-46A6-AE48-9718346701F9}"
EndProject
Project("{9A19103F-16F7-4668-BE54-9A1E7A4F7556}") = "TLModel", "TLModel\TLModel.csproj", "{147B67BD-7C79-43FA-BF1A-1A306FD61727}"
EndProject
Project("{9A19103F-16F7-4668-BE54-9A1E7A4F7556}") = "TLControls", "TLControls\TLControls.csproj", "{ABD350AB-9E4D-4B2C-A1B8-BDA1CB1D8D85}"
EndProject
Project("{9A19103F-16F7-4668-BE54-9A1E7A4F7556}") = "TrippLiteMon", "TrippLiteMon\TrippLiteMon.csproj", "{46D8E6EE-28D3-4164-9BC1-0DEE7779659E}"
EndProject
Project("{2150E333-8FDC-42A3-9474-1A3956D46DE8}") = "MessageBox", "MessageBox", "{2BC8E89D-BC0B-4EB2-A620-622207DFBFCA}"
EndProject
Project("{9A19103F-16F7-4668-BE54-9A1E7A4F7556}") = "MessageBoxEx5", "MessageBoxEx\MessageBoxEx5\MessageBoxEx5.csproj", "{9F8AC831-79E0-4525-AC6A-206B308F6C97}"
EndProject
Project("{9A19103F-16F7-4668-BE54-9A1E7A4F7556}") = "DataTools", "DataTools\Common\DataTools\DataTools.csproj", "{E414A5A5-75E4-4C67-8074-AD788F7C5503}"
EndProject
Project("{9A19103F-16F7-4668-BE54-9A1E7A4F7556}") = "DataTools.Graphics", "DataTools\Common\DataTools.Graphics\DataTools.Graphics.csproj", "{7C795E5B-2BDE-48D6-BA2A-3C762D135F4F}"
EndProject
Project("{9A19103F-16F7-4668-BE54-9A1E7A4F7556}") = "DataTools.Win32", "DataTools\Win32\DataTools.Win32\DataTools.Win32.csproj", "{510EFC04-849E-400B-B9B8-49202137B52D}"
EndProject
Project("{9A19103F-16F7-4668-BE54-9A1E7A4F7556}") = "DataTools.Win32.Memory", "DataTools\Win32\DataTools.Win32.Memory\DataTools.Win32.Memory.csproj", "{31BA64DF-B25F-4E69-B584-929CEA5E0471}"
EndProject
Project("{9A19103F-16F7-4668-BE54-9A1E7A4F7556}") = "DataTools.Win32.Usb", "DataTools\Win32\DataTools.Win32.Usb\DataTools.Win32.Usb.csproj", "{C8073301-3980-4214-AF92-01F9F15B228D}"
EndProject
Project("{9A19103F-16F7-4668-BE54-9A1E7A4F7556}") = "DataTools.Desktop.WPF", "DataTools\Windows\WPF\DataTools.Desktop.WPF\DataTools.Desktop.WPF.csproj", "{65F5D9C1-A658-4786-8DEB-7114274A0B19}"
EndProject
Project("{9A19103F-16F7-4668-BE54-9A1E7A4F7556}") = "DataTools.ColorControls", "DataTools\Windows\WPF\DataTools.ColorControls\DataTools.ColorControls.csproj", "{2BC1A5E1-6EC7-4A83-B1E6-C5AC88788A8F}"
EndProject
Project("{9A19103F-16F7-4668-BE54-9A1E7A4F7556}") = "DataTools.Desktop", "DataTools\Windows\DataTools.Desktop\DataTools.Desktop.csproj", "{779A5856-BAAE-4243-98FA-CCA07F006B14}"
EndProject
Global
	GlobalSection(SolutionConfigurationPlatforms) = preSolution
		Debug|Any CPU = Debug|Any CPU
		Debug|Mixed Platforms = Debug|Mixed Platforms
		Debug|x64 = Debug|x64
		Debug|x86 = Debug|x86
		Release|Any CPU = Release|Any CPU
		Release|Mixed Platforms = Release|Mixed Platforms
		Release|x64 = Release|x64
		Release|x86 = Release|x86
	EndGlobalSection
	GlobalSection(ProjectConfigurationPlatforms) = postSolution
		{147B67BD-7C79-43FA-BF1A-1A306FD61727}.Debug|Any CPU.ActiveCfg = Debug|Any CPU
		{147B67BD-7C79-43FA-BF1A-1A306FD61727}.Debug|Any CPU.Build.0 = Debug|Any CPU
		{147B67BD-7C79-43FA-BF1A-1A306FD61727}.Debug|Mixed Platforms.ActiveCfg = Debug|Any CPU
		{147B67BD-7C79-43FA-BF1A-1A306FD61727}.Debug|Mixed Platforms.Build.0 = Debug|Any CPU
		{147B67BD-7C79-43FA-BF1A-1A306FD61727}.Debug|x64.ActiveCfg = Debug|x64
		{147B67BD-7C79-43FA-BF1A-1A306FD61727}.Debug|x64.Build.0 = Debug|x64
		{147B67BD-7C79-43FA-BF1A-1A306FD61727}.Debug|x86.ActiveCfg = Debug|Any CPU
		{147B67BD-7C79-43FA-BF1A-1A306FD61727}.Debug|x86.Build.0 = Debug|Any CPU
		{147B67BD-7C79-43FA-BF1A-1A306FD61727}.Release|Any CPU.ActiveCfg = Release|Any CPU
		{147B67BD-7C79-43FA-BF1A-1A306FD61727}.Release|Any CPU.Build.0 = Release|Any CPU
		{147B67BD-7C79-43FA-BF1A-1A306FD61727}.Release|Mixed Platforms.ActiveCfg = Release|Any CPU
		{147B67BD-7C79-43FA-BF1A-1A306FD61727}.Release|Mixed Platforms.Build.0 = Release|Any CPU
		{147B67BD-7C79-43FA-BF1A-1A306FD61727}.Release|x64.ActiveCfg = Release|x64
		{147B67BD-7C79-43FA-BF1A-1A306FD61727}.Release|x64.Build.0 = Release|x64
		{147B67BD-7C79-43FA-BF1A-1A306FD61727}.Release|x86.ActiveCfg = Release|Any CPU
		{147B67BD-7C79-43FA-BF1A-1A306FD61727}.Release|x86.Build.0 = Release|Any CPU
		{ABD350AB-9E4D-4B2C-A1B8-BDA1CB1D8D85}.Debug|Any CPU.ActiveCfg = Debug|Any CPU
		{ABD350AB-9E4D-4B2C-A1B8-BDA1CB1D8D85}.Debug|Any CPU.Build.0 = Debug|Any CPU
		{ABD350AB-9E4D-4B2C-A1B8-BDA1CB1D8D85}.Debug|Mixed Platforms.ActiveCfg = Debug|Any CPU
		{ABD350AB-9E4D-4B2C-A1B8-BDA1CB1D8D85}.Debug|Mixed Platforms.Build.0 = Debug|Any CPU
		{ABD350AB-9E4D-4B2C-A1B8-BDA1CB1D8D85}.Debug|x64.ActiveCfg = Debug|x64
		{ABD350AB-9E4D-4B2C-A1B8-BDA1CB1D8D85}.Debug|x64.Build.0 = Debug|x64
		{ABD350AB-9E4D-4B2C-A1B8-BDA1CB1D8D85}.Debug|x86.ActiveCfg = Debug|Any CPU
		{ABD350AB-9E4D-4B2C-A1B8-BDA1CB1D8D85}.Debug|x86.Build.0 = Debug|Any CPU
		{ABD350AB-9E4D-4B2C-A1B8-BDA1CB1D8D85}.Release|Any CPU.ActiveCfg = Release|Any CPU
		{ABD350AB-9E4D-4B2C-A1B8-BDA1CB1D8D85}.Release|Any CPU.Build.0 = Release|Any CPU
		{ABD350AB-9E4D-4B2C-A1B8-BDA1CB1D8D85}.Release|Mixed Platforms.ActiveCfg = Release|Any CPU
		{ABD350AB-9E4D-4B2C-A1B8-BDA1CB1D8D85}.Release|Mixed Platforms.Build.0 = Release|Any CPU
		{ABD350AB-9E4D-4B2C-A1B8-BDA1CB1D8D85}.Release|x64.ActiveCfg = Release|x64
		{ABD350AB-9E4D-4B2C-A1B8-BDA1CB1D8D85}.Release|x64.Build.0 = Release|x64
		{ABD350AB-9E4D-4B2C-A1B8-BDA1CB1D8D85}.Release|x86.ActiveCfg = Release|Any CPU
		{ABD350AB-9E4D-4B2C-A1B8-BDA1CB1D8D85}.Release|x86.Build.0 = Release|Any CPU
		{46D8E6EE-28D3-4164-9BC1-0DEE7779659E}.Debug|Any CPU.ActiveCfg = Debug|Any CPU
		{46D8E6EE-28D3-4164-9BC1-0DEE7779659E}.Debug|Any CPU.Build.0 = Debug|Any CPU
		{46D8E6EE-28D3-4164-9BC1-0DEE7779659E}.Debug|Mixed Platforms.ActiveCfg = Debug|Any CPU
		{46D8E6EE-28D3-4164-9BC1-0DEE7779659E}.Debug|Mixed Platforms.Build.0 = Debug|Any CPU
		{46D8E6EE-28D3-4164-9BC1-0DEE7779659E}.Debug|x64.ActiveCfg = Debug|x64
		{46D8E6EE-28D3-4164-9BC1-0DEE7779659E}.Debug|x64.Build.0 = Debug|x64
		{46D8E6EE-28D3-4164-9BC1-0DEE7779659E}.Debug|x86.ActiveCfg = Debug|Any CPU
		{46D8E6EE-28D3-4164-9BC1-0DEE7779659E}.Debug|x86.Build.0 = Debug|Any CPU
		{46D8E6EE-28D3-4164-9BC1-0DEE7779659E}.Release|Any CPU.ActiveCfg = Release|Any CPU
		{46D8E6EE-28D3-4164-9BC1-0DEE7779659E}.Release|Any CPU.Build.0 = Release|Any CPU
		{46D8E6EE-28D3-4164-9BC1-0DEE7779659E}.Release|Mixed Platforms.ActiveCfg = Release|Any CPU
		{46D8E6EE-28D3-4164-9BC1-0DEE7779659E}.Release|Mixed Platforms.Build.0 = Release|Any CPU
		{46D8E6EE-28D3-4164-9BC1-0DEE7779659E}.Release|x64.ActiveCfg = Release|x64
		{46D8E6EE-28D3-4164-9BC1-0DEE7779659E}.Release|x64.Build.0 = Release|x64
		{46D8E6EE-28D3-4164-9BC1-0DEE7779659E}.Release|x86.ActiveCfg = Release|Any CPU
		{46D8E6EE-28D3-4164-9BC1-0DEE7779659E}.Release|x86.Build.0 = Release|Any CPU
		{9F8AC831-79E0-4525-AC6A-206B308F6C97}.Debug|Any CPU.ActiveCfg = Debug|Any CPU
		{9F8AC831-79E0-4525-AC6A-206B308F6C97}.Debug|Any CPU.Build.0 = Debug|Any CPU
		{9F8AC831-79E0-4525-AC6A-206B308F6C97}.Debug|Mixed Platforms.ActiveCfg = Debug|x64
		{9F8AC831-79E0-4525-AC6A-206B308F6C97}.Debug|Mixed Platforms.Build.0 = Debug|x64
		{9F8AC831-79E0-4525-AC6A-206B308F6C97}.Debug|x64.ActiveCfg = Debug|x64
		{9F8AC831-79E0-4525-AC6A-206B308F6C97}.Debug|x64.Build.0 = Debug|x64
		{9F8AC831-79E0-4525-AC6A-206B308F6C97}.Debug|x86.ActiveCfg = Debug|Any CPU
		{9F8AC831-79E0-4525-AC6A-206B308F6C97}.Debug|x86.Build.0 = Debug|Any CPU
		{9F8AC831-79E0-4525-AC6A-206B308F6C97}.Release|Any CPU.ActiveCfg = Release|Any CPU
		{9F8AC831-79E0-4525-AC6A-206B308F6C97}.Release|Any CPU.Build.0 = Release|Any CPU
		{9F8AC831-79E0-4525-AC6A-206B308F6C97}.Release|Mixed Platforms.ActiveCfg = Release|x64
		{9F8AC831-79E0-4525-AC6A-206B308F6C97}.Release|Mixed Platforms.Build.0 = Release|x64
		{9F8AC831-79E0-4525-AC6A-206B308F6C97}.Release|x64.ActiveCfg = Release|x64
		{9F8AC831-79E0-4525-AC6A-206B308F6C97}.Release|x64.Build.0 = Release|x64
		{9F8AC831-79E0-4525-AC6A-206B308F6C97}.Release|x86.ActiveCfg = Release|Any CPU
		{9F8AC831-79E0-4525-AC6A-206B308F6C97}.Release|x86.Build.0 = Release|Any CPU
		{E414A5A5-75E4-4C67-8074-AD788F7C5503}.Debug|Any CPU.ActiveCfg = Debug|Any CPU
		{E414A5A5-75E4-4C67-8074-AD788F7C5503}.Debug|Any CPU.Build.0 = Debug|Any CPU
		{E414A5A5-75E4-4C67-8074-AD788F7C5503}.Debug|Mixed Platforms.ActiveCfg = Debug|Any CPU
		{E414A5A5-75E4-4C67-8074-AD788F7C5503}.Debug|Mixed Platforms.Build.0 = Debug|Any CPU
		{E414A5A5-75E4-4C67-8074-AD788F7C5503}.Debug|x64.ActiveCfg = Debug|Any CPU
		{E414A5A5-75E4-4C67-8074-AD788F7C5503}.Debug|x64.Build.0 = Debug|Any CPU
		{E414A5A5-75E4-4C67-8074-AD788F7C5503}.Debug|x86.ActiveCfg = Debug|Any CPU
		{E414A5A5-75E4-4C67-8074-AD788F7C5503}.Debug|x86.Build.0 = Debug|Any CPU
		{E414A5A5-75E4-4C67-8074-AD788F7C5503}.Release|Any CPU.ActiveCfg = Release|Any CPU
		{E414A5A5-75E4-4C67-8074-AD788F7C5503}.Release|Any CPU.Build.0 = Release|Any CPU
		{E414A5A5-75E4-4C67-8074-AD788F7C5503}.Release|Mixed Platforms.ActiveCfg = Release|Any CPU
		{E414A5A5-75E4-4C67-8074-AD788F7C5503}.Release|Mixed Platforms.Build.0 = Release|Any CPU
		{E414A5A5-75E4-4C67-8074-AD788F7C5503}.Release|x64.ActiveCfg = Release|Any CPU
		{E414A5A5-75E4-4C67-8074-AD788F7C5503}.Release|x64.Build.0 = Release|Any CPU
		{E414A5A5-75E4-4C67-8074-AD788F7C5503}.Release|x86.ActiveCfg = Release|Any CPU
		{E414A5A5-75E4-4C67-8074-AD788F7C5503}.Release|x86.Build.0 = Release|Any CPU
		{7C795E5B-2BDE-48D6-BA2A-3C762D135F4F}.Debug|Any CPU.ActiveCfg = Debug|Any CPU
		{7C795E5B-2BDE-48D6-BA2A-3C762D135F4F}.Debug|Any CPU.Build.0 = Debug|Any CPU
		{7C795E5B-2BDE-48D6-BA2A-3C762D135F4F}.Debug|Mixed Platforms.ActiveCfg = Debug|Any CPU
		{7C795E5B-2BDE-48D6-BA2A-3C762D135F4F}.Debug|Mixed Platforms.Build.0 = Debug|Any CPU
		{7C795E5B-2BDE-48D6-BA2A-3C762D135F4F}.Debug|x64.ActiveCfg = Debug|Any CPU
		{7C795E5B-2BDE-48D6-BA2A-3C762D135F4F}.Debug|x64.Build.0 = Debug|Any CPU
		{7C795E5B-2BDE-48D6-BA2A-3C762D135F4F}.Debug|x86.ActiveCfg = Debug|Any CPU
		{7C795E5B-2BDE-48D6-BA2A-3C762D135F4F}.Debug|x86.Build.0 = Debug|Any CPU
		{7C795E5B-2BDE-48D6-BA2A-3C762D135F4F}.Release|Any CPU.ActiveCfg = Release|Any CPU
		{7C795E5B-2BDE-48D6-BA2A-3C762D135F4F}.Release|Any CPU.Build.0 = Release|Any CPU
		{7C795E5B-2BDE-48D6-BA2A-3C762D135F4F}.Release|Mixed Platforms.ActiveCfg = Release|Any CPU
		{7C795E5B-2BDE-48D6-BA2A-3C762D135F4F}.Release|Mixed Platforms.Build.0 = Release|Any CPU
		{7C795E5B-2BDE-48D6-BA2A-3C762D135F4F}.Release|x64.ActiveCfg = Release|Any CPU
		{7C795E5B-2BDE-48D6-BA2A-3C762D135F4F}.Release|x64.Build.0 = Release|Any CPU
		{7C795E5B-2BDE-48D6-BA2A-3C762D135F4F}.Release|x86.ActiveCfg = Release|Any CPU
		{7C795E5B-2BDE-48D6-BA2A-3C762D135F4F}.Release|x86.Build.0 = Release|Any CPU
		{510EFC04-849E-400B-B9B8-49202137B52D}.Debug|Any CPU.ActiveCfg = Debug|Any CPU
		{510EFC04-849E-400B-B9B8-49202137B52D}.Debug|Any CPU.Build.0 = Debug|Any CPU
		{510EFC04-849E-400B-B9B8-49202137B52D}.Debug|Mixed Platforms.ActiveCfg = Debug|x64
		{510EFC04-849E-400B-B9B8-49202137B52D}.Debug|Mixed Platforms.Build.0 = Debug|x64
		{510EFC04-849E-400B-B9B8-49202137B52D}.Debug|x64.ActiveCfg = Debug|x64
		{510EFC04-849E-400B-B9B8-49202137B52D}.Debug|x64.Build.0 = Debug|x64
		{510EFC04-849E-400B-B9B8-49202137B52D}.Debug|x86.ActiveCfg = Debug|Any CPU
		{510EFC04-849E-400B-B9B8-49202137B52D}.Debug|x86.Build.0 = Debug|Any CPU
		{510EFC04-849E-400B-B9B8-49202137B52D}.Release|Any CPU.ActiveCfg = Release|Any CPU
		{510EFC04-849E-400B-B9B8-49202137B52D}.Release|Any CPU.Build.0 = Release|Any CPU
		{510EFC04-849E-400B-B9B8-49202137B52D}.Release|Mixed Platforms.ActiveCfg = Release|x64
		{510EFC04-849E-400B-B9B8-49202137B52D}.Release|Mixed Platforms.Build.0 = Release|x64
		{510EFC04-849E-400B-B9B8-49202137B52D}.Release|x64.ActiveCfg = Release|x64
		{510EFC04-849E-400B-B9B8-49202137B52D}.Release|x64.Build.0 = Release|x64
		{510EFC04-849E-400B-B9B8-49202137B52D}.Release|x86.ActiveCfg = Release|Any CPU
		{510EFC04-849E-400B-B9B8-49202137B52D}.Release|x86.Build.0 = Release|Any CPU
		{31BA64DF-B25F-4E69-B584-929CEA5E0471}.Debug|Any CPU.ActiveCfg = Debug|Any CPU
		{31BA64DF-B25F-4E69-B584-929CEA5E0471}.Debug|Any CPU.Build.0 = Debug|Any CPU
		{31BA64DF-B25F-4E69-B584-929CEA5E0471}.Debug|Mixed Platforms.ActiveCfg = Debug|x64
		{31BA64DF-B25F-4E69-B584-929CEA5E0471}.Debug|Mixed Platforms.Build.0 = Debug|x64
		{31BA64DF-B25F-4E69-B584-929CEA5E0471}.Debug|x64.ActiveCfg = Debug|x64
		{31BA64DF-B25F-4E69-B584-929CEA5E0471}.Debug|x64.Build.0 = Debug|x64
		{31BA64DF-B25F-4E69-B584-929CEA5E0471}.Debug|x86.ActiveCfg = Debug|Any CPU
		{31BA64DF-B25F-4E69-B584-929CEA5E0471}.Debug|x86.Build.0 = Debug|Any CPU
		{31BA64DF-B25F-4E69-B584-929CEA5E0471}.Release|Any CPU.ActiveCfg = Release|Any CPU
		{31BA64DF-B25F-4E69-B584-929CEA5E0471}.Release|Any CPU.Build.0 = Release|Any CPU
		{31BA64DF-B25F-4E69-B584-929CEA5E0471}.Release|Mixed Platforms.ActiveCfg = Release|x64
		{31BA64DF-B25F-4E69-B584-929CEA5E0471}.Release|Mixed Platforms.Build.0 = Release|x64
		{31BA64DF-B25F-4E69-B584-929CEA5E0471}.Release|x64.ActiveCfg = Release|x64
		{31BA64DF-B25F-4E69-B584-929CEA5E0471}.Release|x64.Build.0 = Release|x64
		{31BA64DF-B25F-4E69-B584-929CEA5E0471}.Release|x86.ActiveCfg = Release|Any CPU
		{31BA64DF-B25F-4E69-B584-929CEA5E0471}.Release|x86.Build.0 = Release|Any CPU
		{C8073301-3980-4214-AF92-01F9F15B228D}.Debug|Any CPU.ActiveCfg = Debug|Any CPU
		{C8073301-3980-4214-AF92-01F9F15B228D}.Debug|Any CPU.Build.0 = Debug|Any CPU
		{C8073301-3980-4214-AF92-01F9F15B228D}.Debug|Mixed Platforms.ActiveCfg = Debug|x64
		{C8073301-3980-4214-AF92-01F9F15B228D}.Debug|Mixed Platforms.Build.0 = Debug|x64
		{C8073301-3980-4214-AF92-01F9F15B228D}.Debug|x64.ActiveCfg = Debug|x64
		{C8073301-3980-4214-AF92-01F9F15B228D}.Debug|x64.Build.0 = Debug|x64
		{C8073301-3980-4214-AF92-01F9F15B228D}.Debug|x86.ActiveCfg = Debug|Any CPU
		{C8073301-3980-4214-AF92-01F9F15B228D}.Debug|x86.Build.0 = Debug|Any CPU
		{C8073301-3980-4214-AF92-01F9F15B228D}.Release|Any CPU.ActiveCfg = Release|Any CPU
		{C8073301-3980-4214-AF92-01F9F15B228D}.Release|Any CPU.Build.0 = Release|Any CPU
		{C8073301-3980-4214-AF92-01F9F15B228D}.Release|Mixed Platforms.ActiveCfg = Release|x64
		{C8073301-3980-4214-AF92-01F9F15B228D}.Release|Mixed Platforms.Build.0 = Release|x64
		{C8073301-3980-4214-AF92-01F9F15B228D}.Release|x64.ActiveCfg = Release|x64
		{C8073301-3980-4214-AF92-01F9F15B228D}.Release|x64.Build.0 = Release|x64
		{C8073301-3980-4214-AF92-01F9F15B228D}.Release|x86.ActiveCfg = Release|Any CPU
		{C8073301-3980-4214-AF92-01F9F15B228D}.Release|x86.Build.0 = Release|Any CPU
		{65F5D9C1-A658-4786-8DEB-7114274A0B19}.Debug|Any CPU.ActiveCfg = Debug|Any CPU
		{65F5D9C1-A658-4786-8DEB-7114274A0B19}.Debug|Any CPU.Build.0 = Debug|Any CPU
		{65F5D9C1-A658-4786-8DEB-7114274A0B19}.Debug|Mixed Platforms.ActiveCfg = Debug|x64
		{65F5D9C1-A658-4786-8DEB-7114274A0B19}.Debug|Mixed Platforms.Build.0 = Debug|x64
		{65F5D9C1-A658-4786-8DEB-7114274A0B19}.Debug|x64.ActiveCfg = Debug|x64
		{65F5D9C1-A658-4786-8DEB-7114274A0B19}.Debug|x64.Build.0 = Debug|x64
		{65F5D9C1-A658-4786-8DEB-7114274A0B19}.Debug|x86.ActiveCfg = Debug|Any CPU
		{65F5D9C1-A658-4786-8DEB-7114274A0B19}.Debug|x86.Build.0 = Debug|Any CPU
		{65F5D9C1-A658-4786-8DEB-7114274A0B19}.Release|Any CPU.ActiveCfg = Release|Any CPU
		{65F5D9C1-A658-4786-8DEB-7114274A0B19}.Release|Any CPU.Build.0 = Release|Any CPU
		{65F5D9C1-A658-4786-8DEB-7114274A0B19}.Release|Mixed Platforms.ActiveCfg = Release|x64
		{65F5D9C1-A658-4786-8DEB-7114274A0B19}.Release|Mixed Platforms.Build.0 = Release|x64
		{65F5D9C1-A658-4786-8DEB-7114274A0B19}.Release|x64.ActiveCfg = Release|x64
		{65F5D9C1-A658-4786-8DEB-7114274A0B19}.Release|x64.Build.0 = Release|x64
		{65F5D9C1-A658-4786-8DEB-7114274A0B19}.Release|x86.ActiveCfg = Release|Any CPU
		{65F5D9C1-A658-4786-8DEB-7114274A0B19}.Release|x86.Build.0 = Release|Any CPU
		{2BC1A5E1-6EC7-4A83-B1E6-C5AC88788A8F}.Debug|Any CPU.ActiveCfg = Debug|Any CPU
		{2BC1A5E1-6EC7-4A83-B1E6-C5AC88788A8F}.Debug|Any CPU.Build.0 = Debug|Any CPU
		{2BC1A5E1-6EC7-4A83-B1E6-C5AC88788A8F}.Debug|Mixed Platforms.ActiveCfg = Debug|x64
		{2BC1A5E1-6EC7-4A83-B1E6-C5AC88788A8F}.Debug|Mixed Platforms.Build.0 = Debug|x64
		{2BC1A5E1-6EC7-4A83-B1E6-C5AC88788A8F}.Debug|x64.ActiveCfg = Debug|x64
		{2BC1A5E1-6EC7-4A83-B1E6-C5AC88788A8F}.Debug|x64.Build.0 = Debug|x64
		{2BC1A5E1-6EC7-4A83-B1E6-C5AC88788A8F}.Debug|x86.ActiveCfg = Debug|Any CPU
		{2BC1A5E1-6EC7-4A83-B1E6-C5AC88788A8F}.Debug|x86.Build.0 = Debug|Any CPU
		{2BC1A5E1-6EC7-4A83-B1E6-C5AC88788A8F}.Release|Any CPU.ActiveCfg = Release|Any CPU
		{2BC1A5E1-6EC7-4A83-B1E6-C5AC88788A8F}.Release|Any CPU.Build.0 = Release|Any CPU
		{2BC1A5E1-6EC7-4A83-B1E6-C5AC88788A8F}.Release|Mixed Platforms.ActiveCfg = Release|x64
		{2BC1A5E1-6EC7-4A83-B1E6-C5AC88788A8F}.Release|Mixed Platforms.Build.0 = Release|x64
		{2BC1A5E1-6EC7-4A83-B1E6-C5AC88788A8F}.Release|x64.ActiveCfg = Release|x64
		{2BC1A5E1-6EC7-4A83-B1E6-C5AC88788A8F}.Release|x64.Build.0 = Release|x64
		{2BC1A5E1-6EC7-4A83-B1E6-C5AC88788A8F}.Release|x86.ActiveCfg = Release|Any CPU
		{2BC1A5E1-6EC7-4A83-B1E6-C5AC88788A8F}.Release|x86.Build.0 = Release|Any CPU
		{779A5856-BAAE-4243-98FA-CCA07F006B14}.Debug|Any CPU.ActiveCfg = Debug|Any CPU
		{779A5856-BAAE-4243-98FA-CCA07F006B14}.Debug|Any CPU.Build.0 = Debug|Any CPU
		{779A5856-BAAE-4243-98FA-CCA07F006B14}.Debug|Mixed Platforms.ActiveCfg = Debug|x64
		{779A5856-BAAE-4243-98FA-CCA07F006B14}.Debug|Mixed Platforms.Build.0 = Debug|x64
		{779A5856-BAAE-4243-98FA-CCA07F006B14}.Debug|x64.ActiveCfg = Debug|x64
		{779A5856-BAAE-4243-98FA-CCA07F006B14}.Debug|x64.Build.0 = Debug|x64
		{779A5856-BAAE-4243-98FA-CCA07F006B14}.Debug|x86.ActiveCfg = Debug|Any CPU
		{779A5856-BAAE-4243-98FA-CCA07F006B14}.Debug|x86.Build.0 = Debug|Any CPU
		{779A5856-BAAE-4243-98FA-CCA07F006B14}.Release|Any CPU.ActiveCfg = Release|Any CPU
		{779A5856-BAAE-4243-98FA-CCA07F006B14}.Release|Any CPU.Build.0 = Release|Any CPU
		{779A5856-BAAE-4243-98FA-CCA07F006B14}.Release|Mixed Platforms.ActiveCfg = Release|x64
		{779A5856-BAAE-4243-98FA-CCA07F006B14}.Release|Mixed Platforms.Build.0 = Release|x64
		{779A5856-BAAE-4243-98FA-CCA07F006B14}.Release|x64.ActiveCfg = Release|x64
		{779A5856-BAAE-4243-98FA-CCA07F006B14}.Release|x64.Build.0 = Release|x64
		{779A5856-BAAE-4243-98FA-CCA07F006B14}.Release|x86.ActiveCfg = Release|Any CPU
		{779A5856-BAAE-4243-98FA-CCA07F006B14}.Release|x86.Build.0 = Release|Any CPU
	EndGlobalSection
	GlobalSection(SolutionProperties) = preSolution
		HideSolutionNode = FALSE
	EndGlobalSection
	GlobalSection(NestedProjects) = preSolution
		{147B67BD-7C79-43FA-BF1A-1A306FD61727} = {C44B1359-DCF1-46A6-AE48-9718346701F9}
		{ABD350AB-9E4D-4B2C-A1B8-BDA1CB1D8D85} = {C44B1359-DCF1-46A6-AE48-9718346701F9}
		{46D8E6EE-28D3-4164-9BC1-0DEE7779659E} = {C44B1359-DCF1-46A6-AE48-9718346701F9}
		{9F8AC831-79E0-4525-AC6A-206B308F6C97} = {2BC8E89D-BC0B-4EB2-A620-622207DFBFCA}
		{E414A5A5-75E4-4C67-8074-AD788F7C5503} = {9AA1BBF3-A03E-4752-99F9-55E23DB86702}
		{7C795E5B-2BDE-48D6-BA2A-3C762D135F4F} = {9AA1BBF3-A03E-4752-99F9-55E23DB86702}
		{510EFC04-849E-400B-B9B8-49202137B52D} = {9AA1BBF3-A03E-4752-99F9-55E23DB86702}
		{31BA64DF-B25F-4E69-B584-929CEA5E0471} = {9AA1BBF3-A03E-4752-99F9-55E23DB86702}
		{C8073301-3980-4214-AF92-01F9F15B228D} = {9AA1BBF3-A03E-4752-99F9-55E23DB86702}
		{65F5D9C1-A658-4786-8DEB-7114274A0B19} = {9AA1BBF3-A03E-4752-99F9-55E23DB86702}
		{2BC1A5E1-6EC7-4A83-B1E6-C5AC88788A8F} = {9AA1BBF3-A03E-4752-99F9-55E23DB86702}
		{779A5856-BAAE-4243-98FA-CCA07F006B14} = {9AA1BBF3-A03E-4752-99F9-55E23DB86702}
	EndGlobalSection
	GlobalSection(ExtensibilityGlobals) = postSolution
		SolutionGuid = {888481B6-A2B3-4D47-98B5-4FA312781DBF}
	EndGlobalSection
EndGlobal
