
Microsoft Visual Studio Solution File, Format Version 12.00
# Visual Studio Version 17
VisualStudioVersion = 17.0.31612.314
MinimumVisualStudioVersion = 10.0.40219.1
Project("{2150E333-8FDC-42A3-9474-1A3956D46DE8}") = "DataTools", "DataTools", "{9AA1BBF3-A03E-4752-99F9-55E23DB86702}"
EndProject
Project("{2150E333-8FDC-42A3-9474-1A3956D46DE8}") = "TrippLite", "TrippLite", "{C44B1359-DCF1-46A6-AE48-9718346701F9}"
EndProject
Project("{9A19103F-16F7-4668-BE54-9A1E7A4F7556}") = "DataTools", "DataTools5\DataTools\DataTools.csproj", "{A4A6B4EA-3761-4A04-AFAE-DA5D0294E593}"
EndProject
Project("{9A19103F-16F7-4668-BE54-9A1E7A4F7556}") = "DataTools.Win32.Memory", "DataTools5\DataTools.Win32.Memory\DataTools.Win32.Memory.csproj", "{3E2E42E1-B3BC-4B6D-83E2-20929D55F1CE}"
EndProject
Project("{9A19103F-16F7-4668-BE54-9A1E7A4F7556}") = "DataTools.Win32", "DataTools5\DataTools.Win32\DataTools.Win32.csproj", "{BC555D86-0AE3-4ECB-A271-5C1346C5F933}"
EndProject
Project("{9A19103F-16F7-4668-BE54-9A1E7A4F7556}") = "DataTools.Hardware", "DataTools5\DataTools.Hardware\DataTools.Hardware.csproj", "{E573663A-DD5F-4186-BC6F-C73ABE3900E9}"
EndProject
Project("{9A19103F-16F7-4668-BE54-9A1E7A4F7556}") = "TLModel", "TLModel\TLModel.csproj", "{147B67BD-7C79-43FA-BF1A-1A306FD61727}"
EndProject
Project("{9A19103F-16F7-4668-BE54-9A1E7A4F7556}") = "TLControls", "TLControls\TLControls.csproj", "{ABD350AB-9E4D-4B2C-A1B8-BDA1CB1D8D85}"
EndProject
Project("{9A19103F-16F7-4668-BE54-9A1E7A4F7556}") = "TrippLiteMon", "TrippLiteMon\TrippLiteMon.csproj", "{46D8E6EE-28D3-4164-9BC1-0DEE7779659E}"
EndProject
Project("{9A19103F-16F7-4668-BE54-9A1E7A4F7556}") = "DataTools.Graphics", "DataTools5\DataTools.Graphics\DataTools.Graphics.csproj", "{35785872-53E9-40DD-88E5-F1D628DA9312}"
EndProject
Project("{9A19103F-16F7-4668-BE54-9A1E7A4F7556}") = "DataTools.ColorControls", "DataTools5\DataTools.ColorControls\DataTools.ColorControls.csproj", "{3AA88C06-2C03-4CC6-AA7E-38ECA15FD98F}"
EndProject
Global
	GlobalSection(SolutionConfigurationPlatforms) = preSolution
		Debug|Any CPU = Debug|Any CPU
		Debug|Mixed Platforms = Debug|Mixed Platforms
		Debug|x64 = Debug|x64
		Debug|x86 = Debug|x86
		Release|Any CPU = Release|Any CPU
		Release|Mixed Platforms = Release|Mixed Platforms
		Release|x64 = Release|x64
		Release|x86 = Release|x86
	EndGlobalSection
	GlobalSection(ProjectConfigurationPlatforms) = postSolution
		{A4A6B4EA-3761-4A04-AFAE-DA5D0294E593}.Debug|Any CPU.ActiveCfg = Debug|Any CPU
		{A4A6B4EA-3761-4A04-AFAE-DA5D0294E593}.Debug|Any CPU.Build.0 = Debug|Any CPU
		{A4A6B4EA-3761-4A04-AFAE-DA5D0294E593}.Debug|Mixed Platforms.ActiveCfg = Debug|Any CPU
		{A4A6B4EA-3761-4A04-AFAE-DA5D0294E593}.Debug|Mixed Platforms.Build.0 = Debug|Any CPU
		{A4A6B4EA-3761-4A04-AFAE-DA5D0294E593}.Debug|x64.ActiveCfg = Debug|Any CPU
		{A4A6B4EA-3761-4A04-AFAE-DA5D0294E593}.Debug|x64.Build.0 = Debug|Any CPU
		{A4A6B4EA-3761-4A04-AFAE-DA5D0294E593}.Debug|x86.ActiveCfg = Debug|Any CPU
		{A4A6B4EA-3761-4A04-AFAE-DA5D0294E593}.Debug|x86.Build.0 = Debug|Any CPU
		{A4A6B4EA-3761-4A04-AFAE-DA5D0294E593}.Release|Any CPU.ActiveCfg = Release|Any CPU
		{A4A6B4EA-3761-4A04-AFAE-DA5D0294E593}.Release|Any CPU.Build.0 = Release|Any CPU
		{A4A6B4EA-3761-4A04-AFAE-DA5D0294E593}.Release|Mixed Platforms.ActiveCfg = Release|Any CPU
		{A4A6B4EA-3761-4A04-AFAE-DA5D0294E593}.Release|Mixed Platforms.Build.0 = Release|Any CPU
		{A4A6B4EA-3761-4A04-AFAE-DA5D0294E593}.Release|x64.ActiveCfg = Release|Any CPU
		{A4A6B4EA-3761-4A04-AFAE-DA5D0294E593}.Release|x64.Build.0 = Release|Any CPU
		{A4A6B4EA-3761-4A04-AFAE-DA5D0294E593}.Release|x86.ActiveCfg = Release|Any CPU
		{A4A6B4EA-3761-4A04-AFAE-DA5D0294E593}.Release|x86.Build.0 = Release|Any CPU
		{3E2E42E1-B3BC-4B6D-83E2-20929D55F1CE}.Debug|Any CPU.ActiveCfg = Debug|Any CPU
		{3E2E42E1-B3BC-4B6D-83E2-20929D55F1CE}.Debug|Any CPU.Build.0 = Debug|Any CPU
		{3E2E42E1-B3BC-4B6D-83E2-20929D55F1CE}.Debug|Mixed Platforms.ActiveCfg = Debug|Any CPU
		{3E2E42E1-B3BC-4B6D-83E2-20929D55F1CE}.Debug|Mixed Platforms.Build.0 = Debug|Any CPU
		{3E2E42E1-B3BC-4B6D-83E2-20929D55F1CE}.Debug|x64.ActiveCfg = Debug|x64
		{3E2E42E1-B3BC-4B6D-83E2-20929D55F1CE}.Debug|x64.Build.0 = Debug|x64
		{3E2E42E1-B3BC-4B6D-83E2-20929D55F1CE}.Debug|x86.ActiveCfg = Debug|Any CPU
		{3E2E42E1-B3BC-4B6D-83E2-20929D55F1CE}.Debug|x86.Build.0 = Debug|Any CPU
		{3E2E42E1-B3BC-4B6D-83E2-20929D55F1CE}.Release|Any CPU.ActiveCfg = Release|Any CPU
		{3E2E42E1-B3BC-4B6D-83E2-20929D55F1CE}.Release|Any CPU.Build.0 = Release|Any CPU
		{3E2E42E1-B3BC-4B6D-83E2-20929D55F1CE}.Release|Mixed Platforms.ActiveCfg = Release|Any CPU
		{3E2E42E1-B3BC-4B6D-83E2-20929D55F1CE}.Release|Mixed Platforms.Build.0 = Release|Any CPU
		{3E2E42E1-B3BC-4B6D-83E2-20929D55F1CE}.Release|x64.ActiveCfg = Release|x64
		{3E2E42E1-B3BC-4B6D-83E2-20929D55F1CE}.Release|x64.Build.0 = Release|x64
		{3E2E42E1-B3BC-4B6D-83E2-20929D55F1CE}.Release|x86.ActiveCfg = Release|Any CPU
		{3E2E42E1-B3BC-4B6D-83E2-20929D55F1CE}.Release|x86.Build.0 = Release|Any CPU
		{BC555D86-0AE3-4ECB-A271-5C1346C5F933}.Debug|Any CPU.ActiveCfg = Debug|Any CPU
		{BC555D86-0AE3-4ECB-A271-5C1346C5F933}.Debug|Any CPU.Build.0 = Debug|Any CPU
		{BC555D86-0AE3-4ECB-A271-5C1346C5F933}.Debug|Mixed Platforms.ActiveCfg = Debug|x86
		{BC555D86-0AE3-4ECB-A271-5C1346C5F933}.Debug|Mixed Platforms.Build.0 = Debug|x86
		{BC555D86-0AE3-4ECB-A271-5C1346C5F933}.Debug|x64.ActiveCfg = Debug|x64
		{BC555D86-0AE3-4ECB-A271-5C1346C5F933}.Debug|x64.Build.0 = Debug|x64
		{BC555D86-0AE3-4ECB-A271-5C1346C5F933}.Debug|x86.ActiveCfg = Debug|x86
		{BC555D86-0AE3-4ECB-A271-5C1346C5F933}.Debug|x86.Build.0 = Debug|x86
		{BC555D86-0AE3-4ECB-A271-5C1346C5F933}.Release|Any CPU.ActiveCfg = Release|Any CPU
		{BC555D86-0AE3-4ECB-A271-5C1346C5F933}.Release|Any CPU.Build.0 = Release|Any CPU
		{BC555D86-0AE3-4ECB-A271-5C1346C5F933}.Release|Mixed Platforms.ActiveCfg = Release|x86
		{BC555D86-0AE3-4ECB-A271-5C1346C5F933}.Release|Mixed Platforms.Build.0 = Release|x86
		{BC555D86-0AE3-4ECB-A271-5C1346C5F933}.Release|x64.ActiveCfg = Release|x64
		{BC555D86-0AE3-4ECB-A271-5C1346C5F933}.Release|x64.Build.0 = Release|x64
		{BC555D86-0AE3-4ECB-A271-5C1346C5F933}.Release|x86.ActiveCfg = Release|x86
		{BC555D86-0AE3-4ECB-A271-5C1346C5F933}.Release|x86.Build.0 = Release|x86
		{E573663A-DD5F-4186-BC6F-C73ABE3900E9}.Debug|Any CPU.ActiveCfg = Debug|Any CPU
		{E573663A-DD5F-4186-BC6F-C73ABE3900E9}.Debug|Any CPU.Build.0 = Debug|Any CPU
		{E573663A-DD5F-4186-BC6F-C73ABE3900E9}.Debug|Mixed Platforms.ActiveCfg = Debug|x86
		{E573663A-DD5F-4186-BC6F-C73ABE3900E9}.Debug|Mixed Platforms.Build.0 = Debug|x86
		{E573663A-DD5F-4186-BC6F-C73ABE3900E9}.Debug|x64.ActiveCfg = Debug|x64
		{E573663A-DD5F-4186-BC6F-C73ABE3900E9}.Debug|x64.Build.0 = Debug|x64
		{E573663A-DD5F-4186-BC6F-C73ABE3900E9}.Debug|x86.ActiveCfg = Debug|x86
		{E573663A-DD5F-4186-BC6F-C73ABE3900E9}.Debug|x86.Build.0 = Debug|x86
		{E573663A-DD5F-4186-BC6F-C73ABE3900E9}.Release|Any CPU.ActiveCfg = Release|Any CPU
		{E573663A-DD5F-4186-BC6F-C73ABE3900E9}.Release|Any CPU.Build.0 = Release|Any CPU
		{E573663A-DD5F-4186-BC6F-C73ABE3900E9}.Release|Mixed Platforms.ActiveCfg = Release|x86
		{E573663A-DD5F-4186-BC6F-C73ABE3900E9}.Release|Mixed Platforms.Build.0 = Release|x86
		{E573663A-DD5F-4186-BC6F-C73ABE3900E9}.Release|x64.ActiveCfg = Release|x64
		{E573663A-DD5F-4186-BC6F-C73ABE3900E9}.Release|x64.Build.0 = Release|x64
		{E573663A-DD5F-4186-BC6F-C73ABE3900E9}.Release|x86.ActiveCfg = Release|x86
		{E573663A-DD5F-4186-BC6F-C73ABE3900E9}.Release|x86.Build.0 = Release|x86
		{147B67BD-7C79-43FA-BF1A-1A306FD61727}.Debug|Any CPU.ActiveCfg = Debug|Any CPU
		{147B67BD-7C79-43FA-BF1A-1A306FD61727}.Debug|Any CPU.Build.0 = Debug|Any CPU
		{147B67BD-7C79-43FA-BF1A-1A306FD61727}.Debug|Mixed Platforms.ActiveCfg = Debug|Any CPU
		{147B67BD-7C79-43FA-BF1A-1A306FD61727}.Debug|Mixed Platforms.Build.0 = Debug|Any CPU
		{147B67BD-7C79-43FA-BF1A-1A306FD61727}.Debug|x64.ActiveCfg = Debug|x64
		{147B67BD-7C79-43FA-BF1A-1A306FD61727}.Debug|x64.Build.0 = Debug|x64
		{147B67BD-7C79-43FA-BF1A-1A306FD61727}.Debug|x86.ActiveCfg = Debug|Any CPU
		{147B67BD-7C79-43FA-BF1A-1A306FD61727}.Debug|x86.Build.0 = Debug|Any CPU
		{147B67BD-7C79-43FA-BF1A-1A306FD61727}.Release|Any CPU.ActiveCfg = Release|Any CPU
		{147B67BD-7C79-43FA-BF1A-1A306FD61727}.Release|Any CPU.Build.0 = Release|Any CPU
		{147B67BD-7C79-43FA-BF1A-1A306FD61727}.Release|Mixed Platforms.ActiveCfg = Release|Any CPU
		{147B67BD-7C79-43FA-BF1A-1A306FD61727}.Release|Mixed Platforms.Build.0 = Release|Any CPU
		{147B67BD-7C79-43FA-BF1A-1A306FD61727}.Release|x64.ActiveCfg = Release|x64
		{147B67BD-7C79-43FA-BF1A-1A306FD61727}.Release|x64.Build.0 = Release|x64
		{147B67BD-7C79-43FA-BF1A-1A306FD61727}.Release|x86.ActiveCfg = Release|Any CPU
		{147B67BD-7C79-43FA-BF1A-1A306FD61727}.Release|x86.Build.0 = Release|Any CPU
		{ABD350AB-9E4D-4B2C-A1B8-BDA1CB1D8D85}.Debug|Any CPU.ActiveCfg = Debug|Any CPU
		{ABD350AB-9E4D-4B2C-A1B8-BDA1CB1D8D85}.Debug|Any CPU.Build.0 = Debug|Any CPU
		{ABD350AB-9E4D-4B2C-A1B8-BDA1CB1D8D85}.Debug|Mixed Platforms.ActiveCfg = Debug|Any CPU
		{ABD350AB-9E4D-4B2C-A1B8-BDA1CB1D8D85}.Debug|Mixed Platforms.Build.0 = Debug|Any CPU
		{ABD350AB-9E4D-4B2C-A1B8-BDA1CB1D8D85}.Debug|x64.ActiveCfg = Debug|x64
		{ABD350AB-9E4D-4B2C-A1B8-BDA1CB1D8D85}.Debug|x64.Build.0 = Debug|x64
		{ABD350AB-9E4D-4B2C-A1B8-BDA1CB1D8D85}.Debug|x86.ActiveCfg = Debug|Any CPU
		{ABD350AB-9E4D-4B2C-A1B8-BDA1CB1D8D85}.Debug|x86.Build.0 = Debug|Any CPU
		{ABD350AB-9E4D-4B2C-A1B8-BDA1CB1D8D85}.Release|Any CPU.ActiveCfg = Release|Any CPU
		{ABD350AB-9E4D-4B2C-A1B8-BDA1CB1D8D85}.Release|Any CPU.Build.0 = Release|Any CPU
		{ABD350AB-9E4D-4B2C-A1B8-BDA1CB1D8D85}.Release|Mixed Platforms.ActiveCfg = Release|Any CPU
		{ABD350AB-9E4D-4B2C-A1B8-BDA1CB1D8D85}.Release|Mixed Platforms.Build.0 = Release|Any CPU
		{ABD350AB-9E4D-4B2C-A1B8-BDA1CB1D8D85}.Release|x64.ActiveCfg = Release|x64
		{ABD350AB-9E4D-4B2C-A1B8-BDA1CB1D8D85}.Release|x64.Build.0 = Release|x64
		{ABD350AB-9E4D-4B2C-A1B8-BDA1CB1D8D85}.Release|x86.ActiveCfg = Release|Any CPU
		{ABD350AB-9E4D-4B2C-A1B8-BDA1CB1D8D85}.Release|x86.Build.0 = Release|Any CPU
		{46D8E6EE-28D3-4164-9BC1-0DEE7779659E}.Debug|Any CPU.ActiveCfg = Debug|Any CPU
		{46D8E6EE-28D3-4164-9BC1-0DEE7779659E}.Debug|Any CPU.Build.0 = Debug|Any CPU
		{46D8E6EE-28D3-4164-9BC1-0DEE7779659E}.Debug|Mixed Platforms.ActiveCfg = Debug|Any CPU
		{46D8E6EE-28D3-4164-9BC1-0DEE7779659E}.Debug|Mixed Platforms.Build.0 = Debug|Any CPU
		{46D8E6EE-28D3-4164-9BC1-0DEE7779659E}.Debug|x64.ActiveCfg = Debug|x64
		{46D8E6EE-28D3-4164-9BC1-0DEE7779659E}.Debug|x64.Build.0 = Debug|x64
		{46D8E6EE-28D3-4164-9BC1-0DEE7779659E}.Debug|x86.ActiveCfg = Debug|Any CPU
		{46D8E6EE-28D3-4164-9BC1-0DEE7779659E}.Debug|x86.Build.0 = Debug|Any CPU
		{46D8E6EE-28D3-4164-9BC1-0DEE7779659E}.Release|Any CPU.ActiveCfg = Release|Any CPU
		{46D8E6EE-28D3-4164-9BC1-0DEE7779659E}.Release|Any CPU.Build.0 = Release|Any CPU
		{46D8E6EE-28D3-4164-9BC1-0DEE7779659E}.Release|Mixed Platforms.ActiveCfg = Release|Any CPU
		{46D8E6EE-28D3-4164-9BC1-0DEE7779659E}.Release|Mixed Platforms.Build.0 = Release|Any CPU
		{46D8E6EE-28D3-4164-9BC1-0DEE7779659E}.Release|x64.ActiveCfg = Release|x64
		{46D8E6EE-28D3-4164-9BC1-0DEE7779659E}.Release|x64.Build.0 = Release|x64
		{46D8E6EE-28D3-4164-9BC1-0DEE7779659E}.Release|x86.ActiveCfg = Release|Any CPU
		{46D8E6EE-28D3-4164-9BC1-0DEE7779659E}.Release|x86.Build.0 = Release|Any CPU
		{35785872-53E9-40DD-88E5-F1D628DA9312}.Debug|Any CPU.ActiveCfg = Debug|Any CPU
		{35785872-53E9-40DD-88E5-F1D628DA9312}.Debug|Any CPU.Build.0 = Debug|Any CPU
		{35785872-53E9-40DD-88E5-F1D628DA9312}.Debug|Mixed Platforms.ActiveCfg = Debug|Any CPU
		{35785872-53E9-40DD-88E5-F1D628DA9312}.Debug|Mixed Platforms.Build.0 = Debug|Any CPU
		{35785872-53E9-40DD-88E5-F1D628DA9312}.Debug|x64.ActiveCfg = Debug|Any CPU
		{35785872-53E9-40DD-88E5-F1D628DA9312}.Debug|x64.Build.0 = Debug|Any CPU
		{35785872-53E9-40DD-88E5-F1D628DA9312}.Debug|x86.ActiveCfg = Debug|Any CPU
		{35785872-53E9-40DD-88E5-F1D628DA9312}.Debug|x86.Build.0 = Debug|Any CPU
		{35785872-53E9-40DD-88E5-F1D628DA9312}.Release|Any CPU.ActiveCfg = Release|Any CPU
		{35785872-53E9-40DD-88E5-F1D628DA9312}.Release|Any CPU.Build.0 = Release|Any CPU
		{35785872-53E9-40DD-88E5-F1D628DA9312}.Release|Mixed Platforms.ActiveCfg = Release|Any CPU
		{35785872-53E9-40DD-88E5-F1D628DA9312}.Release|Mixed Platforms.Build.0 = Release|Any CPU
		{35785872-53E9-40DD-88E5-F1D628DA9312}.Release|x64.ActiveCfg = Release|Any CPU
		{35785872-53E9-40DD-88E5-F1D628DA9312}.Release|x64.Build.0 = Release|Any CPU
		{35785872-53E9-40DD-88E5-F1D628DA9312}.Release|x86.ActiveCfg = Release|Any CPU
		{35785872-53E9-40DD-88E5-F1D628DA9312}.Release|x86.Build.0 = Release|Any CPU
		{3AA88C06-2C03-4CC6-AA7E-38ECA15FD98F}.Debug|Any CPU.ActiveCfg = Debug|Any CPU
		{3AA88C06-2C03-4CC6-AA7E-38ECA15FD98F}.Debug|Any CPU.Build.0 = Debug|Any CPU
		{3AA88C06-2C03-4CC6-AA7E-38ECA15FD98F}.Debug|Mixed Platforms.ActiveCfg = Debug|Any CPU
		{3AA88C06-2C03-4CC6-AA7E-38ECA15FD98F}.Debug|Mixed Platforms.Build.0 = Debug|Any CPU
		{3AA88C06-2C03-4CC6-AA7E-38ECA15FD98F}.Debug|x64.ActiveCfg = Debug|Any CPU
		{3AA88C06-2C03-4CC6-AA7E-38ECA15FD98F}.Debug|x64.Build.0 = Debug|Any CPU
		{3AA88C06-2C03-4CC6-AA7E-38ECA15FD98F}.Debug|x86.ActiveCfg = Debug|Any CPU
		{3AA88C06-2C03-4CC6-AA7E-38ECA15FD98F}.Debug|x86.Build.0 = Debug|Any CPU
		{3AA88C06-2C03-4CC6-AA7E-38ECA15FD98F}.Release|Any CPU.ActiveCfg = Release|Any CPU
		{3AA88C06-2C03-4CC6-AA7E-38ECA15FD98F}.Release|Any CPU.Build.0 = Release|Any CPU
		{3AA88C06-2C03-4CC6-AA7E-38ECA15FD98F}.Release|Mixed Platforms.ActiveCfg = Release|Any CPU
		{3AA88C06-2C03-4CC6-AA7E-38ECA15FD98F}.Release|Mixed Platforms.Build.0 = Release|Any CPU
		{3AA88C06-2C03-4CC6-AA7E-38ECA15FD98F}.Release|x64.ActiveCfg = Release|Any CPU
		{3AA88C06-2C03-4CC6-AA7E-38ECA15FD98F}.Release|x64.Build.0 = Release|Any CPU
		{3AA88C06-2C03-4CC6-AA7E-38ECA15FD98F}.Release|x86.ActiveCfg = Release|Any CPU
		{3AA88C06-2C03-4CC6-AA7E-38ECA15FD98F}.Release|x86.Build.0 = Release|Any CPU
	EndGlobalSection
	GlobalSection(SolutionProperties) = preSolution
		HideSolutionNode = FALSE
	EndGlobalSection
	GlobalSection(NestedProjects) = preSolution
		{A4A6B4EA-3761-4A04-AFAE-DA5D0294E593} = {9AA1BBF3-A03E-4752-99F9-55E23DB86702}
		{3E2E42E1-B3BC-4B6D-83E2-20929D55F1CE} = {9AA1BBF3-A03E-4752-99F9-55E23DB86702}
		{BC555D86-0AE3-4ECB-A271-5C1346C5F933} = {9AA1BBF3-A03E-4752-99F9-55E23DB86702}
		{E573663A-DD5F-4186-BC6F-C73ABE3900E9} = {9AA1BBF3-A03E-4752-99F9-55E23DB86702}
		{147B67BD-7C79-43FA-BF1A-1A306FD61727} = {C44B1359-DCF1-46A6-AE48-9718346701F9}
		{ABD350AB-9E4D-4B2C-A1B8-BDA1CB1D8D85} = {C44B1359-DCF1-46A6-AE48-9718346701F9}
		{46D8E6EE-28D3-4164-9BC1-0DEE7779659E} = {C44B1359-DCF1-46A6-AE48-9718346701F9}
		{35785872-53E9-40DD-88E5-F1D628DA9312} = {9AA1BBF3-A03E-4752-99F9-55E23DB86702}
		{3AA88C06-2C03-4CC6-AA7E-38ECA15FD98F} = {9AA1BBF3-A03E-4752-99F9-55E23DB86702}
	EndGlobalSection
	GlobalSection(ExtensibilityGlobals) = postSolution
		SolutionGuid = {888481B6-A2B3-4D47-98B5-4FA312781DBF}
	EndGlobalSection
EndGlobal
