
Microsoft Visual Studio Solution File, Format Version 12.00
# Visual Studio Version 16
VisualStudioVersion = 16.0.30406.217
MinimumVisualStudioVersion = 10.0.40219.1
Project("{FAE04EC0-301F-11D3-BF4B-00C04F79EFBC}") = "TrippLiteMon", "TrippLiteMon\TrippLiteMon.csproj", "{1B368165-E961-058F-2276-C6B1EDE76C05}"
EndProject
Project("{F184B08F-C81C-45F6-A57F-5ABD9991F28F}") = "TLControls", "TLControls\TLControls.vbproj", "{276A34C8-F653-4EE1-A357-9A057B1D2625}"
EndProject
Project("{FAE04EC0-301F-11D3-BF4B-00C04F79EFBC}") = "TLModel", "TLModel\TLModel.csproj", "{FB09E29C-41A1-02B9-1A78-A0169EB7C1D0}"
EndProject
Project("{2150E333-8FDC-42A3-9474-1A3956D46DE8}") = "DataTools", "DataTools", "{9AA1BBF3-A03E-4752-99F9-55E23DB86702}"
EndProject
Project("{2150E333-8FDC-42A3-9474-1A3956D46DE8}") = "TrippLite", "TrippLite", "{C44B1359-DCF1-46A6-AE48-9718346701F9}"
EndProject
Project("{54435603-DBB4-11D2-8724-00A0C9A8B90C}") = "TLMInstall", "TLMInstall\TLMInstall.vdproj", "{9A49C3AF-89A9-40FC-878B-AC54263ABB5B}"
EndProject
Project("{9A19103F-16F7-4668-BE54-9A1E7A4F7556}") = "DataTools", "DataTools5\DataTools\DataTools.csproj", "{A4A6B4EA-3761-4A04-AFAE-DA5D0294E593}"
EndProject
Project("{9A19103F-16F7-4668-BE54-9A1E7A4F7556}") = "DataTools.Win32.Memory", "DataTools5\DataTools.Win32.Memory\DataTools.Win32.Memory.csproj", "{3E2E42E1-B3BC-4B6D-83E2-20929D55F1CE}"
EndProject
Project("{9A19103F-16F7-4668-BE54-9A1E7A4F7556}") = "DataTools.Win32", "DataTools5\DataTools.Win32\DataTools.Win32.csproj", "{BC555D86-0AE3-4ECB-A271-5C1346C5F933}"
EndProject
Project("{9A19103F-16F7-4668-BE54-9A1E7A4F7556}") = "DataTools.Hardware", "DataTools5\DataTools.Hardware\DataTools.Hardware.csproj", "{E573663A-DD5F-4186-BC6F-C73ABE3900E9}"
EndProject
Global
	GlobalSection(SolutionConfigurationPlatforms) = preSolution
		Debug x64|Any CPU = Debug x64|Any CPU
		Debug x64|Mixed Platforms = Debug x64|Mixed Platforms
		Debug x64|x64 = Debug x64|x64
		Debug x64|x86 = Debug x64|x86
		Debug x86|Any CPU = Debug x86|Any CPU
		Debug x86|Mixed Platforms = Debug x86|Mixed Platforms
		Debug x86|x64 = Debug x86|x64
		Debug x86|x86 = Debug x86|x86
		Debug|Any CPU = Debug|Any CPU
		Debug|Mixed Platforms = Debug|Mixed Platforms
		Debug|x64 = Debug|x64
		Debug|x86 = Debug|x86
		Release x64|Any CPU = Release x64|Any CPU
		Release x64|Mixed Platforms = Release x64|Mixed Platforms
		Release x64|x64 = Release x64|x64
		Release x64|x86 = Release x64|x86
		Release x86|Any CPU = Release x86|Any CPU
		Release x86|Mixed Platforms = Release x86|Mixed Platforms
		Release x86|x64 = Release x86|x64
		Release x86|x86 = Release x86|x86
		Release|Any CPU = Release|Any CPU
		Release|Mixed Platforms = Release|Mixed Platforms
		Release|x64 = Release|x64
		Release|x86 = Release|x86
	EndGlobalSection
	GlobalSection(ProjectConfigurationPlatforms) = postSolution
		{1B368165-E961-058F-2276-C6B1EDE76C05}.Debug x64|Any CPU.ActiveCfg = Debug|Any CPU
		{1B368165-E961-058F-2276-C6B1EDE76C05}.Debug x64|Any CPU.Build.0 = Debug|Any CPU
		{1B368165-E961-058F-2276-C6B1EDE76C05}.Debug x64|Mixed Platforms.ActiveCfg = Debug|Any CPU
		{1B368165-E961-058F-2276-C6B1EDE76C05}.Debug x64|Mixed Platforms.Build.0 = Debug|Any CPU
		{1B368165-E961-058F-2276-C6B1EDE76C05}.Debug x64|x64.ActiveCfg = Debug|x64
		{1B368165-E961-058F-2276-C6B1EDE76C05}.Debug x64|x64.Build.0 = Debug|x64
		{1B368165-E961-058F-2276-C6B1EDE76C05}.Debug x64|x86.ActiveCfg = Debug|Any CPU
		{1B368165-E961-058F-2276-C6B1EDE76C05}.Debug x86|Any CPU.ActiveCfg = Debug|Any CPU
		{1B368165-E961-058F-2276-C6B1EDE76C05}.Debug x86|Any CPU.Build.0 = Debug|Any CPU
		{1B368165-E961-058F-2276-C6B1EDE76C05}.Debug x86|Mixed Platforms.ActiveCfg = Debug|Any CPU
		{1B368165-E961-058F-2276-C6B1EDE76C05}.Debug x86|Mixed Platforms.Build.0 = Debug|Any CPU
		{1B368165-E961-058F-2276-C6B1EDE76C05}.Debug x86|x64.ActiveCfg = Debug|x64
		{1B368165-E961-058F-2276-C6B1EDE76C05}.Debug x86|x64.Build.0 = Debug|x64
		{1B368165-E961-058F-2276-C6B1EDE76C05}.Debug x86|x86.ActiveCfg = Debug|Any CPU
		{1B368165-E961-058F-2276-C6B1EDE76C05}.Debug|Any CPU.ActiveCfg = Debug|Any CPU
		{1B368165-E961-058F-2276-C6B1EDE76C05}.Debug|Any CPU.Build.0 = Debug|Any CPU
		{1B368165-E961-058F-2276-C6B1EDE76C05}.Debug|Mixed Platforms.ActiveCfg = Debug|Any CPU
		{1B368165-E961-058F-2276-C6B1EDE76C05}.Debug|Mixed Platforms.Build.0 = Debug|Any CPU
		{1B368165-E961-058F-2276-C6B1EDE76C05}.Debug|x64.ActiveCfg = Debug|x64
		{1B368165-E961-058F-2276-C6B1EDE76C05}.Debug|x64.Build.0 = Debug|x64
		{1B368165-E961-058F-2276-C6B1EDE76C05}.Debug|x86.ActiveCfg = Debug|Any CPU
		{1B368165-E961-058F-2276-C6B1EDE76C05}.Release x64|Any CPU.ActiveCfg = Release|Any CPU
		{1B368165-E961-058F-2276-C6B1EDE76C05}.Release x64|Any CPU.Build.0 = Release|Any CPU
		{1B368165-E961-058F-2276-C6B1EDE76C05}.Release x64|Mixed Platforms.ActiveCfg = Release|Any CPU
		{1B368165-E961-058F-2276-C6B1EDE76C05}.Release x64|Mixed Platforms.Build.0 = Release|Any CPU
		{1B368165-E961-058F-2276-C6B1EDE76C05}.Release x64|x64.ActiveCfg = Release|x64
		{1B368165-E961-058F-2276-C6B1EDE76C05}.Release x64|x64.Build.0 = Release|x64
		{1B368165-E961-058F-2276-C6B1EDE76C05}.Release x64|x86.ActiveCfg = Release|Any CPU
		{1B368165-E961-058F-2276-C6B1EDE76C05}.Release x86|Any CPU.ActiveCfg = Release|Any CPU
		{1B368165-E961-058F-2276-C6B1EDE76C05}.Release x86|Any CPU.Build.0 = Release|Any CPU
		{1B368165-E961-058F-2276-C6B1EDE76C05}.Release x86|Mixed Platforms.ActiveCfg = Release|Any CPU
		{1B368165-E961-058F-2276-C6B1EDE76C05}.Release x86|Mixed Platforms.Build.0 = Release|Any CPU
		{1B368165-E961-058F-2276-C6B1EDE76C05}.Release x86|x64.ActiveCfg = Release|x64
		{1B368165-E961-058F-2276-C6B1EDE76C05}.Release x86|x64.Build.0 = Release|x64
		{1B368165-E961-058F-2276-C6B1EDE76C05}.Release x86|x86.ActiveCfg = Release|Any CPU
		{1B368165-E961-058F-2276-C6B1EDE76C05}.Release|Any CPU.ActiveCfg = Release|Any CPU
		{1B368165-E961-058F-2276-C6B1EDE76C05}.Release|Any CPU.Build.0 = Release|Any CPU
		{1B368165-E961-058F-2276-C6B1EDE76C05}.Release|Mixed Platforms.ActiveCfg = Release|Any CPU
		{1B368165-E961-058F-2276-C6B1EDE76C05}.Release|Mixed Platforms.Build.0 = Release|Any CPU
		{1B368165-E961-058F-2276-C6B1EDE76C05}.Release|x64.ActiveCfg = Release|x64
		{1B368165-E961-058F-2276-C6B1EDE76C05}.Release|x64.Build.0 = Release|x64
		{1B368165-E961-058F-2276-C6B1EDE76C05}.Release|x86.ActiveCfg = Release|Any CPU
		{276A34C8-F653-4EE1-A357-9A057B1D2625}.Debug x64|Any CPU.ActiveCfg = Debug|Any CPU
		{276A34C8-F653-4EE1-A357-9A057B1D2625}.Debug x64|Any CPU.Build.0 = Debug|Any CPU
		{276A34C8-F653-4EE1-A357-9A057B1D2625}.Debug x64|Mixed Platforms.ActiveCfg = Debug|Any CPU
		{276A34C8-F653-4EE1-A357-9A057B1D2625}.Debug x64|Mixed Platforms.Build.0 = Debug|Any CPU
		{276A34C8-F653-4EE1-A357-9A057B1D2625}.Debug x64|x64.ActiveCfg = Debug|Any CPU
		{276A34C8-F653-4EE1-A357-9A057B1D2625}.Debug x64|x86.ActiveCfg = Debug|Any CPU
		{276A34C8-F653-4EE1-A357-9A057B1D2625}.Debug x86|Any CPU.ActiveCfg = Debug|Any CPU
		{276A34C8-F653-4EE1-A357-9A057B1D2625}.Debug x86|Any CPU.Build.0 = Debug|Any CPU
		{276A34C8-F653-4EE1-A357-9A057B1D2625}.Debug x86|Mixed Platforms.ActiveCfg = Debug|Any CPU
		{276A34C8-F653-4EE1-A357-9A057B1D2625}.Debug x86|Mixed Platforms.Build.0 = Debug|Any CPU
		{276A34C8-F653-4EE1-A357-9A057B1D2625}.Debug x86|x64.ActiveCfg = Debug|Any CPU
		{276A34C8-F653-4EE1-A357-9A057B1D2625}.Debug x86|x86.ActiveCfg = Debug|Any CPU
		{276A34C8-F653-4EE1-A357-9A057B1D2625}.Debug|Any CPU.ActiveCfg = Debug|Any CPU
		{276A34C8-F653-4EE1-A357-9A057B1D2625}.Debug|Any CPU.Build.0 = Debug|Any CPU
		{276A34C8-F653-4EE1-A357-9A057B1D2625}.Debug|Mixed Platforms.ActiveCfg = Debug|Any CPU
		{276A34C8-F653-4EE1-A357-9A057B1D2625}.Debug|Mixed Platforms.Build.0 = Debug|Any CPU
		{276A34C8-F653-4EE1-A357-9A057B1D2625}.Debug|x64.ActiveCfg = Debug|Any CPU
		{276A34C8-F653-4EE1-A357-9A057B1D2625}.Debug|x64.Build.0 = Debug|Any CPU
		{276A34C8-F653-4EE1-A357-9A057B1D2625}.Debug|x86.ActiveCfg = Debug|Any CPU
		{276A34C8-F653-4EE1-A357-9A057B1D2625}.Release x64|Any CPU.ActiveCfg = Release|Any CPU
		{276A34C8-F653-4EE1-A357-9A057B1D2625}.Release x64|Any CPU.Build.0 = Release|Any CPU
		{276A34C8-F653-4EE1-A357-9A057B1D2625}.Release x64|Mixed Platforms.ActiveCfg = Release|Any CPU
		{276A34C8-F653-4EE1-A357-9A057B1D2625}.Release x64|Mixed Platforms.Build.0 = Release|Any CPU
		{276A34C8-F653-4EE1-A357-9A057B1D2625}.Release x64|x64.ActiveCfg = Release|Any CPU
		{276A34C8-F653-4EE1-A357-9A057B1D2625}.Release x64|x86.ActiveCfg = Release|Any CPU
		{276A34C8-F653-4EE1-A357-9A057B1D2625}.Release x86|Any CPU.ActiveCfg = Release|Any CPU
		{276A34C8-F653-4EE1-A357-9A057B1D2625}.Release x86|Any CPU.Build.0 = Release|Any CPU
		{276A34C8-F653-4EE1-A357-9A057B1D2625}.Release x86|Mixed Platforms.ActiveCfg = Release|Any CPU
		{276A34C8-F653-4EE1-A357-9A057B1D2625}.Release x86|Mixed Platforms.Build.0 = Release|Any CPU
		{276A34C8-F653-4EE1-A357-9A057B1D2625}.Release x86|x64.ActiveCfg = Release|Any CPU
		{276A34C8-F653-4EE1-A357-9A057B1D2625}.Release x86|x86.ActiveCfg = Release|Any CPU
		{276A34C8-F653-4EE1-A357-9A057B1D2625}.Release|Any CPU.ActiveCfg = Release|Any CPU
		{276A34C8-F653-4EE1-A357-9A057B1D2625}.Release|Any CPU.Build.0 = Release|Any CPU
		{276A34C8-F653-4EE1-A357-9A057B1D2625}.Release|Mixed Platforms.ActiveCfg = Release|Any CPU
		{276A34C8-F653-4EE1-A357-9A057B1D2625}.Release|Mixed Platforms.Build.0 = Release|Any CPU
		{276A34C8-F653-4EE1-A357-9A057B1D2625}.Release|x64.ActiveCfg = Release|x64
		{276A34C8-F653-4EE1-A357-9A057B1D2625}.Release|x64.Build.0 = Release|x64
		{276A34C8-F653-4EE1-A357-9A057B1D2625}.Release|x86.ActiveCfg = Release|Any CPU
		{FB09E29C-41A1-02B9-1A78-A0169EB7C1D0}.Debug x64|Any CPU.ActiveCfg = Debug|Any CPU
		{FB09E29C-41A1-02B9-1A78-A0169EB7C1D0}.Debug x64|Any CPU.Build.0 = Debug|Any CPU
		{FB09E29C-41A1-02B9-1A78-A0169EB7C1D0}.Debug x64|Mixed Platforms.ActiveCfg = Debug|Any CPU
		{FB09E29C-41A1-02B9-1A78-A0169EB7C1D0}.Debug x64|Mixed Platforms.Build.0 = Debug|Any CPU
		{FB09E29C-41A1-02B9-1A78-A0169EB7C1D0}.Debug x64|x64.ActiveCfg = Debug|Any CPU
		{FB09E29C-41A1-02B9-1A78-A0169EB7C1D0}.Debug x64|x86.ActiveCfg = Debug|Any CPU
		{FB09E29C-41A1-02B9-1A78-A0169EB7C1D0}.Debug x86|Any CPU.ActiveCfg = Debug|Any CPU
		{FB09E29C-41A1-02B9-1A78-A0169EB7C1D0}.Debug x86|Any CPU.Build.0 = Debug|Any CPU
		{FB09E29C-41A1-02B9-1A78-A0169EB7C1D0}.Debug x86|Mixed Platforms.ActiveCfg = Debug|Any CPU
		{FB09E29C-41A1-02B9-1A78-A0169EB7C1D0}.Debug x86|Mixed Platforms.Build.0 = Debug|Any CPU
		{FB09E29C-41A1-02B9-1A78-A0169EB7C1D0}.Debug x86|x64.ActiveCfg = Debug|Any CPU
		{FB09E29C-41A1-02B9-1A78-A0169EB7C1D0}.Debug x86|x86.ActiveCfg = Debug|Any CPU
		{FB09E29C-41A1-02B9-1A78-A0169EB7C1D0}.Debug|Any CPU.ActiveCfg = Debug|Any CPU
		{FB09E29C-41A1-02B9-1A78-A0169EB7C1D0}.Debug|Any CPU.Build.0 = Debug|Any CPU
		{FB09E29C-41A1-02B9-1A78-A0169EB7C1D0}.Debug|Mixed Platforms.ActiveCfg = Debug|Any CPU
		{FB09E29C-41A1-02B9-1A78-A0169EB7C1D0}.Debug|Mixed Platforms.Build.0 = Debug|Any CPU
		{FB09E29C-41A1-02B9-1A78-A0169EB7C1D0}.Debug|x64.ActiveCfg = Debug|Any CPU
		{FB09E29C-41A1-02B9-1A78-A0169EB7C1D0}.Debug|x64.Build.0 = Debug|Any CPU
		{FB09E29C-41A1-02B9-1A78-A0169EB7C1D0}.Debug|x86.ActiveCfg = Debug|Any CPU
		{FB09E29C-41A1-02B9-1A78-A0169EB7C1D0}.Release x64|Any CPU.ActiveCfg = Release|Any CPU
		{FB09E29C-41A1-02B9-1A78-A0169EB7C1D0}.Release x64|Any CPU.Build.0 = Release|Any CPU
		{FB09E29C-41A1-02B9-1A78-A0169EB7C1D0}.Release x64|Mixed Platforms.ActiveCfg = Release|Any CPU
		{FB09E29C-41A1-02B9-1A78-A0169EB7C1D0}.Release x64|Mixed Platforms.Build.0 = Release|Any CPU
		{FB09E29C-41A1-02B9-1A78-A0169EB7C1D0}.Release x64|x64.ActiveCfg = Release|Any CPU
		{FB09E29C-41A1-02B9-1A78-A0169EB7C1D0}.Release x64|x86.ActiveCfg = Release|Any CPU
		{FB09E29C-41A1-02B9-1A78-A0169EB7C1D0}.Release x86|Any CPU.ActiveCfg = Release|Any CPU
		{FB09E29C-41A1-02B9-1A78-A0169EB7C1D0}.Release x86|Any CPU.Build.0 = Release|Any CPU
		{FB09E29C-41A1-02B9-1A78-A0169EB7C1D0}.Release x86|Mixed Platforms.ActiveCfg = Release|Any CPU
		{FB09E29C-41A1-02B9-1A78-A0169EB7C1D0}.Release x86|Mixed Platforms.Build.0 = Release|Any CPU
		{FB09E29C-41A1-02B9-1A78-A0169EB7C1D0}.Release x86|x64.ActiveCfg = Release|Any CPU
		{FB09E29C-41A1-02B9-1A78-A0169EB7C1D0}.Release x86|x86.ActiveCfg = Release|Any CPU
		{FB09E29C-41A1-02B9-1A78-A0169EB7C1D0}.Release|Any CPU.ActiveCfg = Release|Any CPU
		{FB09E29C-41A1-02B9-1A78-A0169EB7C1D0}.Release|Any CPU.Build.0 = Release|Any CPU
		{FB09E29C-41A1-02B9-1A78-A0169EB7C1D0}.Release|Mixed Platforms.ActiveCfg = Release|Any CPU
		{FB09E29C-41A1-02B9-1A78-A0169EB7C1D0}.Release|Mixed Platforms.Build.0 = Release|Any CPU
		{FB09E29C-41A1-02B9-1A78-A0169EB7C1D0}.Release|x64.ActiveCfg = Release|Any CPU
		{FB09E29C-41A1-02B9-1A78-A0169EB7C1D0}.Release|x64.Build.0 = Release|Any CPU
		{FB09E29C-41A1-02B9-1A78-A0169EB7C1D0}.Release|x86.ActiveCfg = Release|Any CPU
		{9A49C3AF-89A9-40FC-878B-AC54263ABB5B}.Debug x64|Any CPU.ActiveCfg = Debug
		{9A49C3AF-89A9-40FC-878B-AC54263ABB5B}.Debug x64|Mixed Platforms.ActiveCfg = Debug
		{9A49C3AF-89A9-40FC-878B-AC54263ABB5B}.Debug x64|x64.ActiveCfg = Debug
		{9A49C3AF-89A9-40FC-878B-AC54263ABB5B}.Debug x64|x86.ActiveCfg = Debug
		{9A49C3AF-89A9-40FC-878B-AC54263ABB5B}.Debug x86|Any CPU.ActiveCfg = Debug
		{9A49C3AF-89A9-40FC-878B-AC54263ABB5B}.Debug x86|Mixed Platforms.ActiveCfg = Debug
		{9A49C3AF-89A9-40FC-878B-AC54263ABB5B}.Debug x86|x64.ActiveCfg = Debug
		{9A49C3AF-89A9-40FC-878B-AC54263ABB5B}.Debug x86|x86.ActiveCfg = Debug
		{9A49C3AF-89A9-40FC-878B-AC54263ABB5B}.Debug|Any CPU.ActiveCfg = Debug
		{9A49C3AF-89A9-40FC-878B-AC54263ABB5B}.Debug|Mixed Platforms.ActiveCfg = Debug
		{9A49C3AF-89A9-40FC-878B-AC54263ABB5B}.Debug|x64.ActiveCfg = Debug
		{9A49C3AF-89A9-40FC-878B-AC54263ABB5B}.Debug|x86.ActiveCfg = Debug
		{9A49C3AF-89A9-40FC-878B-AC54263ABB5B}.Release x64|Any CPU.ActiveCfg = Release
		{9A49C3AF-89A9-40FC-878B-AC54263ABB5B}.Release x64|Mixed Platforms.ActiveCfg = Release
		{9A49C3AF-89A9-40FC-878B-AC54263ABB5B}.Release x64|x64.ActiveCfg = Release
		{9A49C3AF-89A9-40FC-878B-AC54263ABB5B}.Release x64|x86.ActiveCfg = Release
		{9A49C3AF-89A9-40FC-878B-AC54263ABB5B}.Release x86|Any CPU.ActiveCfg = Release
		{9A49C3AF-89A9-40FC-878B-AC54263ABB5B}.Release x86|Mixed Platforms.ActiveCfg = Release
		{9A49C3AF-89A9-40FC-878B-AC54263ABB5B}.Release x86|x64.ActiveCfg = Release
		{9A49C3AF-89A9-40FC-878B-AC54263ABB5B}.Release x86|x86.ActiveCfg = Release
		{9A49C3AF-89A9-40FC-878B-AC54263ABB5B}.Release|Any CPU.ActiveCfg = Release
		{9A49C3AF-89A9-40FC-878B-AC54263ABB5B}.Release|Mixed Platforms.ActiveCfg = Release
		{9A49C3AF-89A9-40FC-878B-AC54263ABB5B}.Release|x64.ActiveCfg = Release
		{9A49C3AF-89A9-40FC-878B-AC54263ABB5B}.Release|x64.Build.0 = Release
		{9A49C3AF-89A9-40FC-878B-AC54263ABB5B}.Release|x86.ActiveCfg = Release
		{A4A6B4EA-3761-4A04-AFAE-DA5D0294E593}.Debug x64|Any CPU.ActiveCfg = Debug|Any CPU
		{A4A6B4EA-3761-4A04-AFAE-DA5D0294E593}.Debug x64|Any CPU.Build.0 = Debug|Any CPU
		{A4A6B4EA-3761-4A04-AFAE-DA5D0294E593}.Debug x64|Mixed Platforms.ActiveCfg = Debug|Any CPU
		{A4A6B4EA-3761-4A04-AFAE-DA5D0294E593}.Debug x64|Mixed Platforms.Build.0 = Debug|Any CPU
		{A4A6B4EA-3761-4A04-AFAE-DA5D0294E593}.Debug x64|x64.ActiveCfg = Debug|Any CPU
		{A4A6B4EA-3761-4A04-AFAE-DA5D0294E593}.Debug x64|x64.Build.0 = Debug|Any CPU
		{A4A6B4EA-3761-4A04-AFAE-DA5D0294E593}.Debug x64|x86.ActiveCfg = Debug|Any CPU
		{A4A6B4EA-3761-4A04-AFAE-DA5D0294E593}.Debug x64|x86.Build.0 = Debug|Any CPU
		{A4A6B4EA-3761-4A04-AFAE-DA5D0294E593}.Debug x86|Any CPU.ActiveCfg = Debug|Any CPU
		{A4A6B4EA-3761-4A04-AFAE-DA5D0294E593}.Debug x86|Any CPU.Build.0 = Debug|Any CPU
		{A4A6B4EA-3761-4A04-AFAE-DA5D0294E593}.Debug x86|Mixed Platforms.ActiveCfg = Debug|Any CPU
		{A4A6B4EA-3761-4A04-AFAE-DA5D0294E593}.Debug x86|Mixed Platforms.Build.0 = Debug|Any CPU
		{A4A6B4EA-3761-4A04-AFAE-DA5D0294E593}.Debug x86|x64.ActiveCfg = Debug|Any CPU
		{A4A6B4EA-3761-4A04-AFAE-DA5D0294E593}.Debug x86|x64.Build.0 = Debug|Any CPU
		{A4A6B4EA-3761-4A04-AFAE-DA5D0294E593}.Debug x86|x86.ActiveCfg = Debug|Any CPU
		{A4A6B4EA-3761-4A04-AFAE-DA5D0294E593}.Debug x86|x86.Build.0 = Debug|Any CPU
		{A4A6B4EA-3761-4A04-AFAE-DA5D0294E593}.Debug|Any CPU.ActiveCfg = Debug|Any CPU
		{A4A6B4EA-3761-4A04-AFAE-DA5D0294E593}.Debug|Any CPU.Build.0 = Debug|Any CPU
		{A4A6B4EA-3761-4A04-AFAE-DA5D0294E593}.Debug|Mixed Platforms.ActiveCfg = Debug|Any CPU
		{A4A6B4EA-3761-4A04-AFAE-DA5D0294E593}.Debug|Mixed Platforms.Build.0 = Debug|Any CPU
		{A4A6B4EA-3761-4A04-AFAE-DA5D0294E593}.Debug|x64.ActiveCfg = Debug|Any CPU
		{A4A6B4EA-3761-4A04-AFAE-DA5D0294E593}.Debug|x64.Build.0 = Debug|Any CPU
		{A4A6B4EA-3761-4A04-AFAE-DA5D0294E593}.Debug|x86.ActiveCfg = Debug|Any CPU
		{A4A6B4EA-3761-4A04-AFAE-DA5D0294E593}.Debug|x86.Build.0 = Debug|Any CPU
		{A4A6B4EA-3761-4A04-AFAE-DA5D0294E593}.Release x64|Any CPU.ActiveCfg = Release|Any CPU
		{A4A6B4EA-3761-4A04-AFAE-DA5D0294E593}.Release x64|Any CPU.Build.0 = Release|Any CPU
		{A4A6B4EA-3761-4A04-AFAE-DA5D0294E593}.Release x64|Mixed Platforms.ActiveCfg = Release|Any CPU
		{A4A6B4EA-3761-4A04-AFAE-DA5D0294E593}.Release x64|Mixed Platforms.Build.0 = Release|Any CPU
		{A4A6B4EA-3761-4A04-AFAE-DA5D0294E593}.Release x64|x64.ActiveCfg = Release|Any CPU
		{A4A6B4EA-3761-4A04-AFAE-DA5D0294E593}.Release x64|x64.Build.0 = Release|Any CPU
		{A4A6B4EA-3761-4A04-AFAE-DA5D0294E593}.Release x64|x86.ActiveCfg = Release|Any CPU
		{A4A6B4EA-3761-4A04-AFAE-DA5D0294E593}.Release x64|x86.Build.0 = Release|Any CPU
		{A4A6B4EA-3761-4A04-AFAE-DA5D0294E593}.Release x86|Any CPU.ActiveCfg = Release|Any CPU
		{A4A6B4EA-3761-4A04-AFAE-DA5D0294E593}.Release x86|Any CPU.Build.0 = Release|Any CPU
		{A4A6B4EA-3761-4A04-AFAE-DA5D0294E593}.Release x86|Mixed Platforms.ActiveCfg = Release|Any CPU
		{A4A6B4EA-3761-4A04-AFAE-DA5D0294E593}.Release x86|Mixed Platforms.Build.0 = Release|Any CPU
		{A4A6B4EA-3761-4A04-AFAE-DA5D0294E593}.Release x86|x64.ActiveCfg = Release|Any CPU
		{A4A6B4EA-3761-4A04-AFAE-DA5D0294E593}.Release x86|x64.Build.0 = Release|Any CPU
		{A4A6B4EA-3761-4A04-AFAE-DA5D0294E593}.Release x86|x86.ActiveCfg = Release|Any CPU
		{A4A6B4EA-3761-4A04-AFAE-DA5D0294E593}.Release x86|x86.Build.0 = Release|Any CPU
		{A4A6B4EA-3761-4A04-AFAE-DA5D0294E593}.Release|Any CPU.ActiveCfg = Release|Any CPU
		{A4A6B4EA-3761-4A04-AFAE-DA5D0294E593}.Release|Any CPU.Build.0 = Release|Any CPU
		{A4A6B4EA-3761-4A04-AFAE-DA5D0294E593}.Release|Mixed Platforms.ActiveCfg = Release|Any CPU
		{A4A6B4EA-3761-4A04-AFAE-DA5D0294E593}.Release|Mixed Platforms.Build.0 = Release|Any CPU
		{A4A6B4EA-3761-4A04-AFAE-DA5D0294E593}.Release|x64.ActiveCfg = Release|Any CPU
		{A4A6B4EA-3761-4A04-AFAE-DA5D0294E593}.Release|x64.Build.0 = Release|Any CPU
		{A4A6B4EA-3761-4A04-AFAE-DA5D0294E593}.Release|x86.ActiveCfg = Release|Any CPU
		{A4A6B4EA-3761-4A04-AFAE-DA5D0294E593}.Release|x86.Build.0 = Release|Any CPU
		{3E2E42E1-B3BC-4B6D-83E2-20929D55F1CE}.Debug x64|Any CPU.ActiveCfg = Debug|Any CPU
		{3E2E42E1-B3BC-4B6D-83E2-20929D55F1CE}.Debug x64|Any CPU.Build.0 = Debug|Any CPU
		{3E2E42E1-B3BC-4B6D-83E2-20929D55F1CE}.Debug x64|Mixed Platforms.ActiveCfg = Debug|Any CPU
		{3E2E42E1-B3BC-4B6D-83E2-20929D55F1CE}.Debug x64|Mixed Platforms.Build.0 = Debug|Any CPU
		{3E2E42E1-B3BC-4B6D-83E2-20929D55F1CE}.Debug x64|x64.ActiveCfg = Debug|Any CPU
		{3E2E42E1-B3BC-4B6D-83E2-20929D55F1CE}.Debug x64|x64.Build.0 = Debug|Any CPU
		{3E2E42E1-B3BC-4B6D-83E2-20929D55F1CE}.Debug x64|x86.ActiveCfg = Debug|Any CPU
		{3E2E42E1-B3BC-4B6D-83E2-20929D55F1CE}.Debug x64|x86.Build.0 = Debug|Any CPU
		{3E2E42E1-B3BC-4B6D-83E2-20929D55F1CE}.Debug x86|Any CPU.ActiveCfg = Debug|Any CPU
		{3E2E42E1-B3BC-4B6D-83E2-20929D55F1CE}.Debug x86|Any CPU.Build.0 = Debug|Any CPU
		{3E2E42E1-B3BC-4B6D-83E2-20929D55F1CE}.Debug x86|Mixed Platforms.ActiveCfg = Debug|Any CPU
		{3E2E42E1-B3BC-4B6D-83E2-20929D55F1CE}.Debug x86|Mixed Platforms.Build.0 = Debug|Any CPU
		{3E2E42E1-B3BC-4B6D-83E2-20929D55F1CE}.Debug x86|x64.ActiveCfg = Debug|Any CPU
		{3E2E42E1-B3BC-4B6D-83E2-20929D55F1CE}.Debug x86|x64.Build.0 = Debug|Any CPU
		{3E2E42E1-B3BC-4B6D-83E2-20929D55F1CE}.Debug x86|x86.ActiveCfg = Debug|Any CPU
		{3E2E42E1-B3BC-4B6D-83E2-20929D55F1CE}.Debug x86|x86.Build.0 = Debug|Any CPU
		{3E2E42E1-B3BC-4B6D-83E2-20929D55F1CE}.Debug|Any CPU.ActiveCfg = Debug|Any CPU
		{3E2E42E1-B3BC-4B6D-83E2-20929D55F1CE}.Debug|Any CPU.Build.0 = Debug|Any CPU
		{3E2E42E1-B3BC-4B6D-83E2-20929D55F1CE}.Debug|Mixed Platforms.ActiveCfg = Debug|Any CPU
		{3E2E42E1-B3BC-4B6D-83E2-20929D55F1CE}.Debug|Mixed Platforms.Build.0 = Debug|Any CPU
		{3E2E42E1-B3BC-4B6D-83E2-20929D55F1CE}.Debug|x64.ActiveCfg = Debug|Any CPU
		{3E2E42E1-B3BC-4B6D-83E2-20929D55F1CE}.Debug|x64.Build.0 = Debug|Any CPU
		{3E2E42E1-B3BC-4B6D-83E2-20929D55F1CE}.Debug|x86.ActiveCfg = Debug|Any CPU
		{3E2E42E1-B3BC-4B6D-83E2-20929D55F1CE}.Debug|x86.Build.0 = Debug|Any CPU
		{3E2E42E1-B3BC-4B6D-83E2-20929D55F1CE}.Release x64|Any CPU.ActiveCfg = Release|Any CPU
		{3E2E42E1-B3BC-4B6D-83E2-20929D55F1CE}.Release x64|Any CPU.Build.0 = Release|Any CPU
		{3E2E42E1-B3BC-4B6D-83E2-20929D55F1CE}.Release x64|Mixed Platforms.ActiveCfg = Release|Any CPU
		{3E2E42E1-B3BC-4B6D-83E2-20929D55F1CE}.Release x64|Mixed Platforms.Build.0 = Release|Any CPU
		{3E2E42E1-B3BC-4B6D-83E2-20929D55F1CE}.Release x64|x64.ActiveCfg = Release|Any CPU
		{3E2E42E1-B3BC-4B6D-83E2-20929D55F1CE}.Release x64|x64.Build.0 = Release|Any CPU
		{3E2E42E1-B3BC-4B6D-83E2-20929D55F1CE}.Release x64|x86.ActiveCfg = Release|Any CPU
		{3E2E42E1-B3BC-4B6D-83E2-20929D55F1CE}.Release x64|x86.Build.0 = Release|Any CPU
		{3E2E42E1-B3BC-4B6D-83E2-20929D55F1CE}.Release x86|Any CPU.ActiveCfg = Release|Any CPU
		{3E2E42E1-B3BC-4B6D-83E2-20929D55F1CE}.Release x86|Any CPU.Build.0 = Release|Any CPU
		{3E2E42E1-B3BC-4B6D-83E2-20929D55F1CE}.Release x86|Mixed Platforms.ActiveCfg = Release|Any CPU
		{3E2E42E1-B3BC-4B6D-83E2-20929D55F1CE}.Release x86|Mixed Platforms.Build.0 = Release|Any CPU
		{3E2E42E1-B3BC-4B6D-83E2-20929D55F1CE}.Release x86|x64.ActiveCfg = Release|Any CPU
		{3E2E42E1-B3BC-4B6D-83E2-20929D55F1CE}.Release x86|x64.Build.0 = Release|Any CPU
		{3E2E42E1-B3BC-4B6D-83E2-20929D55F1CE}.Release x86|x86.ActiveCfg = Release|Any CPU
		{3E2E42E1-B3BC-4B6D-83E2-20929D55F1CE}.Release x86|x86.Build.0 = Release|Any CPU
		{3E2E42E1-B3BC-4B6D-83E2-20929D55F1CE}.Release|Any CPU.ActiveCfg = Release|Any CPU
		{3E2E42E1-B3BC-4B6D-83E2-20929D55F1CE}.Release|Any CPU.Build.0 = Release|Any CPU
		{3E2E42E1-B3BC-4B6D-83E2-20929D55F1CE}.Release|Mixed Platforms.ActiveCfg = Release|Any CPU
		{3E2E42E1-B3BC-4B6D-83E2-20929D55F1CE}.Release|Mixed Platforms.Build.0 = Release|Any CPU
		{3E2E42E1-B3BC-4B6D-83E2-20929D55F1CE}.Release|x64.ActiveCfg = Release|Any CPU
		{3E2E42E1-B3BC-4B6D-83E2-20929D55F1CE}.Release|x64.Build.0 = Release|Any CPU
		{3E2E42E1-B3BC-4B6D-83E2-20929D55F1CE}.Release|x86.ActiveCfg = Release|Any CPU
		{3E2E42E1-B3BC-4B6D-83E2-20929D55F1CE}.Release|x86.Build.0 = Release|Any CPU
		{BC555D86-0AE3-4ECB-A271-5C1346C5F933}.Debug x64|Any CPU.ActiveCfg = Debug|Any CPU
		{BC555D86-0AE3-4ECB-A271-5C1346C5F933}.Debug x64|Any CPU.Build.0 = Debug|Any CPU
		{BC555D86-0AE3-4ECB-A271-5C1346C5F933}.Debug x64|Mixed Platforms.ActiveCfg = Debug|x86
		{BC555D86-0AE3-4ECB-A271-5C1346C5F933}.Debug x64|Mixed Platforms.Build.0 = Debug|x86
		{BC555D86-0AE3-4ECB-A271-5C1346C5F933}.Debug x64|x64.ActiveCfg = Debug|x64
		{BC555D86-0AE3-4ECB-A271-5C1346C5F933}.Debug x64|x64.Build.0 = Debug|x64
		{BC555D86-0AE3-4ECB-A271-5C1346C5F933}.Debug x64|x86.ActiveCfg = Debug|x86
		{BC555D86-0AE3-4ECB-A271-5C1346C5F933}.Debug x64|x86.Build.0 = Debug|x86
		{BC555D86-0AE3-4ECB-A271-5C1346C5F933}.Debug x86|Any CPU.ActiveCfg = Debug|Any CPU
		{BC555D86-0AE3-4ECB-A271-5C1346C5F933}.Debug x86|Any CPU.Build.0 = Debug|Any CPU
		{BC555D86-0AE3-4ECB-A271-5C1346C5F933}.Debug x86|Mixed Platforms.ActiveCfg = Debug|x86
		{BC555D86-0AE3-4ECB-A271-5C1346C5F933}.Debug x86|Mixed Platforms.Build.0 = Debug|x86
		{BC555D86-0AE3-4ECB-A271-5C1346C5F933}.Debug x86|x64.ActiveCfg = Debug|x64
		{BC555D86-0AE3-4ECB-A271-5C1346C5F933}.Debug x86|x64.Build.0 = Debug|x64
		{BC555D86-0AE3-4ECB-A271-5C1346C5F933}.Debug x86|x86.ActiveCfg = Debug|x86
		{BC555D86-0AE3-4ECB-A271-5C1346C5F933}.Debug x86|x86.Build.0 = Debug|x86
		{BC555D86-0AE3-4ECB-A271-5C1346C5F933}.Debug|Any CPU.ActiveCfg = Debug|Any CPU
		{BC555D86-0AE3-4ECB-A271-5C1346C5F933}.Debug|Any CPU.Build.0 = Debug|Any CPU
		{BC555D86-0AE3-4ECB-A271-5C1346C5F933}.Debug|Mixed Platforms.ActiveCfg = Debug|x86
		{BC555D86-0AE3-4ECB-A271-5C1346C5F933}.Debug|Mixed Platforms.Build.0 = Debug|x86
		{BC555D86-0AE3-4ECB-A271-5C1346C5F933}.Debug|x64.ActiveCfg = Debug|x64
		{BC555D86-0AE3-4ECB-A271-5C1346C5F933}.Debug|x64.Build.0 = Debug|x64
		{BC555D86-0AE3-4ECB-A271-5C1346C5F933}.Debug|x86.ActiveCfg = Debug|x86
		{BC555D86-0AE3-4ECB-A271-5C1346C5F933}.Debug|x86.Build.0 = Debug|x86
		{BC555D86-0AE3-4ECB-A271-5C1346C5F933}.Release x64|Any CPU.ActiveCfg = Release|Any CPU
		{BC555D86-0AE3-4ECB-A271-5C1346C5F933}.Release x64|Any CPU.Build.0 = Release|Any CPU
		{BC555D86-0AE3-4ECB-A271-5C1346C5F933}.Release x64|Mixed Platforms.ActiveCfg = Release|x86
		{BC555D86-0AE3-4ECB-A271-5C1346C5F933}.Release x64|Mixed Platforms.Build.0 = Release|x86
		{BC555D86-0AE3-4ECB-A271-5C1346C5F933}.Release x64|x64.ActiveCfg = Release|x64
		{BC555D86-0AE3-4ECB-A271-5C1346C5F933}.Release x64|x64.Build.0 = Release|x64
		{BC555D86-0AE3-4ECB-A271-5C1346C5F933}.Release x64|x86.ActiveCfg = Release|x86
		{BC555D86-0AE3-4ECB-A271-5C1346C5F933}.Release x64|x86.Build.0 = Release|x86
		{BC555D86-0AE3-4ECB-A271-5C1346C5F933}.Release x86|Any CPU.ActiveCfg = Release|Any CPU
		{BC555D86-0AE3-4ECB-A271-5C1346C5F933}.Release x86|Any CPU.Build.0 = Release|Any CPU
		{BC555D86-0AE3-4ECB-A271-5C1346C5F933}.Release x86|Mixed Platforms.ActiveCfg = Release|x86
		{BC555D86-0AE3-4ECB-A271-5C1346C5F933}.Release x86|Mixed Platforms.Build.0 = Release|x86
		{BC555D86-0AE3-4ECB-A271-5C1346C5F933}.Release x86|x64.ActiveCfg = Release|x64
		{BC555D86-0AE3-4ECB-A271-5C1346C5F933}.Release x86|x64.Build.0 = Release|x64
		{BC555D86-0AE3-4ECB-A271-5C1346C5F933}.Release x86|x86.ActiveCfg = Release|x86
		{BC555D86-0AE3-4ECB-A271-5C1346C5F933}.Release x86|x86.Build.0 = Release|x86
		{BC555D86-0AE3-4ECB-A271-5C1346C5F933}.Release|Any CPU.ActiveCfg = Release|Any CPU
		{BC555D86-0AE3-4ECB-A271-5C1346C5F933}.Release|Any CPU.Build.0 = Release|Any CPU
		{BC555D86-0AE3-4ECB-A271-5C1346C5F933}.Release|Mixed Platforms.ActiveCfg = Release|x86
		{BC555D86-0AE3-4ECB-A271-5C1346C5F933}.Release|Mixed Platforms.Build.0 = Release|x86
		{BC555D86-0AE3-4ECB-A271-5C1346C5F933}.Release|x64.ActiveCfg = Release|x64
		{BC555D86-0AE3-4ECB-A271-5C1346C5F933}.Release|x64.Build.0 = Release|x64
		{BC555D86-0AE3-4ECB-A271-5C1346C5F933}.Release|x86.ActiveCfg = Release|x86
		{BC555D86-0AE3-4ECB-A271-5C1346C5F933}.Release|x86.Build.0 = Release|x86
		{E573663A-DD5F-4186-BC6F-C73ABE3900E9}.Debug x64|Any CPU.ActiveCfg = Debug|Any CPU
		{E573663A-DD5F-4186-BC6F-C73ABE3900E9}.Debug x64|Any CPU.Build.0 = Debug|Any CPU
		{E573663A-DD5F-4186-BC6F-C73ABE3900E9}.Debug x64|Mixed Platforms.ActiveCfg = Debug|x86
		{E573663A-DD5F-4186-BC6F-C73ABE3900E9}.Debug x64|Mixed Platforms.Build.0 = Debug|x86
		{E573663A-DD5F-4186-BC6F-C73ABE3900E9}.Debug x64|x64.ActiveCfg = Debug|x64
		{E573663A-DD5F-4186-BC6F-C73ABE3900E9}.Debug x64|x64.Build.0 = Debug|x64
		{E573663A-DD5F-4186-BC6F-C73ABE3900E9}.Debug x64|x86.ActiveCfg = Debug|x86
		{E573663A-DD5F-4186-BC6F-C73ABE3900E9}.Debug x64|x86.Build.0 = Debug|x86
		{E573663A-DD5F-4186-BC6F-C73ABE3900E9}.Debug x86|Any CPU.ActiveCfg = Debug|Any CPU
		{E573663A-DD5F-4186-BC6F-C73ABE3900E9}.Debug x86|Any CPU.Build.0 = Debug|Any CPU
		{E573663A-DD5F-4186-BC6F-C73ABE3900E9}.Debug x86|Mixed Platforms.ActiveCfg = Debug|x86
		{E573663A-DD5F-4186-BC6F-C73ABE3900E9}.Debug x86|Mixed Platforms.Build.0 = Debug|x86
		{E573663A-DD5F-4186-BC6F-C73ABE3900E9}.Debug x86|x64.ActiveCfg = Debug|x64
		{E573663A-DD5F-4186-BC6F-C73ABE3900E9}.Debug x86|x64.Build.0 = Debug|x64
		{E573663A-DD5F-4186-BC6F-C73ABE3900E9}.Debug x86|x86.ActiveCfg = Debug|x86
		{E573663A-DD5F-4186-BC6F-C73ABE3900E9}.Debug x86|x86.Build.0 = Debug|x86
		{E573663A-DD5F-4186-BC6F-C73ABE3900E9}.Debug|Any CPU.ActiveCfg = Debug|Any CPU
		{E573663A-DD5F-4186-BC6F-C73ABE3900E9}.Debug|Any CPU.Build.0 = Debug|Any CPU
		{E573663A-DD5F-4186-BC6F-C73ABE3900E9}.Debug|Mixed Platforms.ActiveCfg = Debug|x86
		{E573663A-DD5F-4186-BC6F-C73ABE3900E9}.Debug|Mixed Platforms.Build.0 = Debug|x86
		{E573663A-DD5F-4186-BC6F-C73ABE3900E9}.Debug|x64.ActiveCfg = Debug|x64
		{E573663A-DD5F-4186-BC6F-C73ABE3900E9}.Debug|x64.Build.0 = Debug|x64
		{E573663A-DD5F-4186-BC6F-C73ABE3900E9}.Debug|x86.ActiveCfg = Debug|x86
		{E573663A-DD5F-4186-BC6F-C73ABE3900E9}.Debug|x86.Build.0 = Debug|x86
		{E573663A-DD5F-4186-BC6F-C73ABE3900E9}.Release x64|Any CPU.ActiveCfg = Release|Any CPU
		{E573663A-DD5F-4186-BC6F-C73ABE3900E9}.Release x64|Any CPU.Build.0 = Release|Any CPU
		{E573663A-DD5F-4186-BC6F-C73ABE3900E9}.Release x64|Mixed Platforms.ActiveCfg = Release|x86
		{E573663A-DD5F-4186-BC6F-C73ABE3900E9}.Release x64|Mixed Platforms.Build.0 = Release|x86
		{E573663A-DD5F-4186-BC6F-C73ABE3900E9}.Release x64|x64.ActiveCfg = Release|x64
		{E573663A-DD5F-4186-BC6F-C73ABE3900E9}.Release x64|x64.Build.0 = Release|x64
		{E573663A-DD5F-4186-BC6F-C73ABE3900E9}.Release x64|x86.ActiveCfg = Release|x86
		{E573663A-DD5F-4186-BC6F-C73ABE3900E9}.Release x64|x86.Build.0 = Release|x86
		{E573663A-DD5F-4186-BC6F-C73ABE3900E9}.Release x86|Any CPU.ActiveCfg = Release|Any CPU
		{E573663A-DD5F-4186-BC6F-C73ABE3900E9}.Release x86|Any CPU.Build.0 = Release|Any CPU
		{E573663A-DD5F-4186-BC6F-C73ABE3900E9}.Release x86|Mixed Platforms.ActiveCfg = Release|x86
		{E573663A-DD5F-4186-BC6F-C73ABE3900E9}.Release x86|Mixed Platforms.Build.0 = Release|x86
		{E573663A-DD5F-4186-BC6F-C73ABE3900E9}.Release x86|x64.ActiveCfg = Release|x64
		{E573663A-DD5F-4186-BC6F-C73ABE3900E9}.Release x86|x64.Build.0 = Release|x64
		{E573663A-DD5F-4186-BC6F-C73ABE3900E9}.Release x86|x86.ActiveCfg = Release|x86
		{E573663A-DD5F-4186-BC6F-C73ABE3900E9}.Release x86|x86.Build.0 = Release|x86
		{E573663A-DD5F-4186-BC6F-C73ABE3900E9}.Release|Any CPU.ActiveCfg = Release|Any CPU
		{E573663A-DD5F-4186-BC6F-C73ABE3900E9}.Release|Any CPU.Build.0 = Release|Any CPU
		{E573663A-DD5F-4186-BC6F-C73ABE3900E9}.Release|Mixed Platforms.ActiveCfg = Release|x86
		{E573663A-DD5F-4186-BC6F-C73ABE3900E9}.Release|Mixed Platforms.Build.0 = Release|x86
		{E573663A-DD5F-4186-BC6F-C73ABE3900E9}.Release|x64.ActiveCfg = Release|x64
		{E573663A-DD5F-4186-BC6F-C73ABE3900E9}.Release|x64.Build.0 = Release|x64
		{E573663A-DD5F-4186-BC6F-C73ABE3900E9}.Release|x86.ActiveCfg = Release|x86
		{E573663A-DD5F-4186-BC6F-C73ABE3900E9}.Release|x86.Build.0 = Release|x86
	EndGlobalSection
	GlobalSection(SolutionProperties) = preSolution
		HideSolutionNode = FALSE
	EndGlobalSection
	GlobalSection(NestedProjects) = preSolution
		{1B368165-E961-058F-2276-C6B1EDE76C05} = {C44B1359-DCF1-46A6-AE48-9718346701F9}
		{276A34C8-F653-4EE1-A357-9A057B1D2625} = {C44B1359-DCF1-46A6-AE48-9718346701F9}
		{FB09E29C-41A1-02B9-1A78-A0169EB7C1D0} = {C44B1359-DCF1-46A6-AE48-9718346701F9}
		{A4A6B4EA-3761-4A04-AFAE-DA5D0294E593} = {9AA1BBF3-A03E-4752-99F9-55E23DB86702}
		{3E2E42E1-B3BC-4B6D-83E2-20929D55F1CE} = {9AA1BBF3-A03E-4752-99F9-55E23DB86702}
		{BC555D86-0AE3-4ECB-A271-5C1346C5F933} = {9AA1BBF3-A03E-4752-99F9-55E23DB86702}
		{E573663A-DD5F-4186-BC6F-C73ABE3900E9} = {9AA1BBF3-A03E-4752-99F9-55E23DB86702}
	EndGlobalSection
	GlobalSection(ExtensibilityGlobals) = postSolution
		SolutionGuid = {888481B6-A2B3-4D47-98B5-4FA312781DBF}
	EndGlobalSection
EndGlobal
